// !$*UTF8*$!
{
	archiveVersion = 1;
	classes = {
	};
	objectVersion = 46;
	objects = {

/* Begin PBXBuildFile section */
		2407324F1E92FC3B00F3EA1D /* Datum.swift in Sources */ = {isa = PBXBuildFile; fileRef = 2407324E1E92FC3B00F3EA1D /* Datum.swift */; };
		240732501E92FC3B00F3EA1D /* Datum.swift in Sources */ = {isa = PBXBuildFile; fileRef = 2407324E1E92FC3B00F3EA1D /* Datum.swift */; };
		240732521E92FD3400F3EA1D /* Ellipsoid.swift in Sources */ = {isa = PBXBuildFile; fileRef = 240732511E92FD3400F3EA1D /* Ellipsoid.swift */; };
		240732531E92FD3400F3EA1D /* Ellipsoid.swift in Sources */ = {isa = PBXBuildFile; fileRef = 240732511E92FD3400F3EA1D /* Ellipsoid.swift */; };
		240732551E92FEA900F3EA1D /* CoordinateSystem.swift in Sources */ = {isa = PBXBuildFile; fileRef = 240732541E92FEA900F3EA1D /* CoordinateSystem.swift */; };
		240732561E92FEA900F3EA1D /* CoordinateSystem.swift in Sources */ = {isa = PBXBuildFile; fileRef = 240732541E92FEA900F3EA1D /* CoordinateSystem.swift */; };
		240732581E92FFAD00F3EA1D /* Coordinate.swift in Sources */ = {isa = PBXBuildFile; fileRef = 240732571E92FFAD00F3EA1D /* Coordinate.swift */; };
		240732591E92FFAD00F3EA1D /* Coordinate.swift in Sources */ = {isa = PBXBuildFile; fileRef = 240732571E92FFAD00F3EA1D /* Coordinate.swift */; };
		2407325B1E93005A00F3EA1D /* HelmertDatumTransform.swift in Sources */ = {isa = PBXBuildFile; fileRef = 2407325A1E93005A00F3EA1D /* HelmertDatumTransform.swift */; };
		2407325C1E93005A00F3EA1D /* HelmertDatumTransform.swift in Sources */ = {isa = PBXBuildFile; fileRef = 2407325A1E93005A00F3EA1D /* HelmertDatumTransform.swift */; };
		2407325E1E930A6400F3EA1D /* Geodesy.swift in Sources */ = {isa = PBXBuildFile; fileRef = 2407325D1E930A6400F3EA1D /* Geodesy.swift */; };
		2407325F1E930A6400F3EA1D /* Geodesy.swift in Sources */ = {isa = PBXBuildFile; fileRef = 2407325D1E930A6400F3EA1D /* Geodesy.swift */; };
		240732631E930AE700F3EA1D /* CoordinateConversionTests.swift in Sources */ = {isa = PBXBuildFile; fileRef = 240732601E930AAE00F3EA1D /* CoordinateConversionTests.swift */; };
		240732671E930E3000F3EA1D /* OSGridReference.swift in Sources */ = {isa = PBXBuildFile; fileRef = 240732661E930E3000F3EA1D /* OSGridReference.swift */; };
		240732681E930E3000F3EA1D /* OSGridReference.swift in Sources */ = {isa = PBXBuildFile; fileRef = 240732661E930E3000F3EA1D /* OSGridReference.swift */; };
		2407326B1E9317FB00F3EA1D /* OSGridReferenceTests.swift in Sources */ = {isa = PBXBuildFile; fileRef = 2407326A1E9317FB00F3EA1D /* OSGridReferenceTests.swift */; };
		2432726A1E93AE4C00249145 /* Asserts.swift in Sources */ = {isa = PBXBuildFile; fileRef = 243272691E93AE4C00249145 /* Asserts.swift */; };
		2432726C1E93B47200249145 /* GridReference.swift in Sources */ = {isa = PBXBuildFile; fileRef = 2432726B1E93B47200249145 /* GridReference.swift */; };
		2432726D1E93B47200249145 /* GridReference.swift in Sources */ = {isa = PBXBuildFile; fileRef = 2432726B1E93B47200249145 /* GridReference.swift */; };
		2432726F1E93B75400249145 /* GridReferenceTests.swift in Sources */ = {isa = PBXBuildFile; fileRef = 2432726E1E93B75400249145 /* GridReferenceTests.swift */; };
		243272711E93BB7A00249145 /* Coordinate+Directions.swift in Sources */ = {isa = PBXBuildFile; fileRef = 243272701E93BB7A00249145 /* Coordinate+Directions.swift */; };
		243272721E93BB7A00249145 /* Coordinate+Directions.swift in Sources */ = {isa = PBXBuildFile; fileRef = 243272701E93BB7A00249145 /* Coordinate+Directions.swift */; };
		243272741E93BD1600249145 /* CoordinateDirectionsTests.swift in Sources */ = {isa = PBXBuildFile; fileRef = 243272731E93BD1600249145 /* CoordinateDirectionsTests.swift */; };
		24B72F151A1CA8DC00AFFA45 /* Geodesy.h in Headers */ = {isa = PBXBuildFile; fileRef = 24948A0D16F5DAE100479DDD /* Geodesy.h */; settings = {ATTRIBUTES = (Public, ); }; };
		24B72F241A1CD66E00AFFA45 /* Geodesy.framework in Frameworks */ = {isa = PBXBuildFile; fileRef = 24B72EF41A1CA83600AFFA45 /* Geodesy.framework */; };
		24F601681E71686200EC00D2 /* Geodesy.h in Headers */ = {isa = PBXBuildFile; fileRef = 24948A0D16F5DAE100479DDD /* Geodesy.h */; settings = {ATTRIBUTES = (Public, ); }; };
/* End PBXBuildFile section */

/* Begin PBXContainerItemProxy section */
		248C43271E9069C200E3405E /* PBXContainerItemProxy */ = {
			isa = PBXContainerItemProxy;
			containerPortal = 249489FD16F5DAE100479DDD /* Project object */;
			proxyType = 1;
			remoteGlobalIDString = 24B72EF31A1CA83600AFFA45;
			remoteInfo = "Geodesy iOS";
		};
/* End PBXContainerItemProxy section */

/* Begin PBXFileReference section */
		2407324E1E92FC3B00F3EA1D /* Datum.swift */ = {isa = PBXFileReference; fileEncoding = 4; lastKnownFileType = sourcecode.swift; path = Datum.swift; sourceTree = "<group>"; };
		240732511E92FD3400F3EA1D /* Ellipsoid.swift */ = {isa = PBXFileReference; fileEncoding = 4; lastKnownFileType = sourcecode.swift; path = Ellipsoid.swift; sourceTree = "<group>"; };
		240732541E92FEA900F3EA1D /* CoordinateSystem.swift */ = {isa = PBXFileReference; fileEncoding = 4; lastKnownFileType = sourcecode.swift; path = CoordinateSystem.swift; sourceTree = "<group>"; };
		240732571E92FFAD00F3EA1D /* Coordinate.swift */ = {isa = PBXFileReference; fileEncoding = 4; lastKnownFileType = sourcecode.swift; path = Coordinate.swift; sourceTree = "<group>"; };
		2407325A1E93005A00F3EA1D /* HelmertDatumTransform.swift */ = {isa = PBXFileReference; fileEncoding = 4; lastKnownFileType = sourcecode.swift; path = HelmertDatumTransform.swift; sourceTree = "<group>"; };
		2407325D1E930A6400F3EA1D /* Geodesy.swift */ = {isa = PBXFileReference; fileEncoding = 4; lastKnownFileType = sourcecode.swift; path = Geodesy.swift; sourceTree = "<group>"; };
		240732601E930AAE00F3EA1D /* CoordinateConversionTests.swift */ = {isa = PBXFileReference; fileEncoding = 4; lastKnownFileType = sourcecode.swift; path = CoordinateConversionTests.swift; sourceTree = "<group>"; };
		240732661E930E3000F3EA1D /* OSGridReference.swift */ = {isa = PBXFileReference; fileEncoding = 4; lastKnownFileType = sourcecode.swift; path = OSGridReference.swift; sourceTree = "<group>"; };
		2407326A1E9317FB00F3EA1D /* OSGridReferenceTests.swift */ = {isa = PBXFileReference; fileEncoding = 4; lastKnownFileType = sourcecode.swift; path = OSGridReferenceTests.swift; sourceTree = "<group>"; };
		243272691E93AE4C00249145 /* Asserts.swift */ = {isa = PBXFileReference; fileEncoding = 4; lastKnownFileType = sourcecode.swift; path = Asserts.swift; sourceTree = "<group>"; };
		2432726B1E93B47200249145 /* GridReference.swift */ = {isa = PBXFileReference; fileEncoding = 4; lastKnownFileType = sourcecode.swift; path = GridReference.swift; sourceTree = "<group>"; };
		2432726E1E93B75400249145 /* GridReferenceTests.swift */ = {isa = PBXFileReference; fileEncoding = 4; lastKnownFileType = sourcecode.swift; path = GridReferenceTests.swift; sourceTree = "<group>"; };
		243272701E93BB7A00249145 /* Coordinate+Directions.swift */ = {isa = PBXFileReference; fileEncoding = 4; lastKnownFileType = sourcecode.swift; path = "Coordinate+Directions.swift"; sourceTree = "<group>"; };
		243272731E93BD1600249145 /* CoordinateDirectionsTests.swift */ = {isa = PBXFileReference; fileEncoding = 4; lastKnownFileType = sourcecode.swift; path = CoordinateDirectionsTests.swift; sourceTree = "<group>"; };
		24948A0D16F5DAE100479DDD /* Geodesy.h */ = {isa = PBXFileReference; lastKnownFileType = sourcecode.c.h; path = Geodesy.h; sourceTree = "<group>"; };
		24948A1B16F5DB1E00479DDD /* Geodesy Tests.xctest */ = {isa = PBXFileReference; explicitFileType = wrapper.cfbundle; includeInIndex = 0; path = "Geodesy Tests.xctest"; sourceTree = BUILT_PRODUCTS_DIR; };
		24B72EF41A1CA83600AFFA45 /* Geodesy.framework */ = {isa = PBXFileReference; explicitFileType = wrapper.framework; includeInIndex = 0; path = Geodesy.framework; sourceTree = BUILT_PRODUCTS_DIR; };
		24B72F0D1A1CA84D00AFFA45 /* Info.plist */ = {isa = PBXFileReference; lastKnownFileType = text.plist.xml; path = Info.plist; sourceTree = "<group>"; };
		24B72F251A1CD71D00AFFA45 /* Info.plist */ = {isa = PBXFileReference; lastKnownFileType = text.plist.xml; path = Info.plist; sourceTree = "<group>"; };
		24F601371E7167FC00EC00D2 /* Debug.xcconfig */ = {isa = PBXFileReference; lastKnownFileType = text.xcconfig; path = Debug.xcconfig; sourceTree = "<group>"; };
		24F6013A1E7167FC00EC00D2 /* iOS Application.xcconfig */ = {isa = PBXFileReference; lastKnownFileType = text.xcconfig; path = "iOS Application.xcconfig"; sourceTree = "<group>"; };
		24F6013B1E7167FC00EC00D2 /* iOS Bundle.xcconfig */ = {isa = PBXFileReference; lastKnownFileType = text.xcconfig; path = "iOS Bundle.xcconfig"; sourceTree = "<group>"; };
		24F6013C1E7167FC00EC00D2 /* iOS Extension.xcconfig */ = {isa = PBXFileReference; lastKnownFileType = text.xcconfig; path = "iOS Extension.xcconfig"; sourceTree = "<group>"; };
		24F6013D1E7167FC00EC00D2 /* iOS Framework.xcconfig */ = {isa = PBXFileReference; lastKnownFileType = text.xcconfig; path = "iOS Framework.xcconfig"; sourceTree = "<group>"; };
		24F6013E1E7167FC00EC00D2 /* iOS Static Library.xcconfig */ = {isa = PBXFileReference; lastKnownFileType = text.xcconfig; path = "iOS Static Library.xcconfig"; sourceTree = "<group>"; };
		24F6013F1E7167FC00EC00D2 /* iOS Tests.xcconfig */ = {isa = PBXFileReference; lastKnownFileType = text.xcconfig; path = "iOS Tests.xcconfig"; sourceTree = "<group>"; };
		24F601401E7167FC00EC00D2 /* iOS UI Tests.xcconfig */ = {isa = PBXFileReference; lastKnownFileType = text.xcconfig; path = "iOS UI Tests.xcconfig"; sourceTree = "<group>"; };
		24F601411E7167FC00EC00D2 /* iOS.xcconfig */ = {isa = PBXFileReference; lastKnownFileType = text.xcconfig; path = iOS.xcconfig; sourceTree = "<group>"; };
		24F601431E7167FC00EC00D2 /* macOS Application.xcconfig */ = {isa = PBXFileReference; lastKnownFileType = text.xcconfig; path = "macOS Application.xcconfig"; sourceTree = "<group>"; };
		24F601441E7167FC00EC00D2 /* macOS Extension.xcconfig */ = {isa = PBXFileReference; lastKnownFileType = text.xcconfig; path = "macOS Extension.xcconfig"; sourceTree = "<group>"; };
		24F601451E7167FC00EC00D2 /* macOS Framework.xcconfig */ = {isa = PBXFileReference; lastKnownFileType = text.xcconfig; path = "macOS Framework.xcconfig"; sourceTree = "<group>"; };
		24F601461E7167FC00EC00D2 /* macOS Tests.xcconfig */ = {isa = PBXFileReference; lastKnownFileType = text.xcconfig; path = "macOS Tests.xcconfig"; sourceTree = "<group>"; };
		24F601471E7167FC00EC00D2 /* macOS UI Tests.xcconfig */ = {isa = PBXFileReference; lastKnownFileType = text.xcconfig; path = "macOS UI Tests.xcconfig"; sourceTree = "<group>"; };
		24F601481E7167FC00EC00D2 /* macOS.xcconfig */ = {isa = PBXFileReference; lastKnownFileType = text.xcconfig; path = macOS.xcconfig; sourceTree = "<group>"; };
		24F601491E7167FC00EC00D2 /* Release.xcconfig */ = {isa = PBXFileReference; lastKnownFileType = text.xcconfig; path = Release.xcconfig; sourceTree = "<group>"; };
		24F601521E7167FC00EC00D2 /* tvOS Application.xcconfig */ = {isa = PBXFileReference; lastKnownFileType = text.xcconfig; path = "tvOS Application.xcconfig"; sourceTree = "<group>"; };
		24F601531E7167FC00EC00D2 /* tvOS Extension.xcconfig */ = {isa = PBXFileReference; lastKnownFileType = text.xcconfig; path = "tvOS Extension.xcconfig"; sourceTree = "<group>"; };
		24F601541E7167FC00EC00D2 /* tvOS Framework.xcconfig */ = {isa = PBXFileReference; lastKnownFileType = text.xcconfig; path = "tvOS Framework.xcconfig"; sourceTree = "<group>"; };
		24F601551E7167FC00EC00D2 /* tvOS Tests.xcconfig */ = {isa = PBXFileReference; lastKnownFileType = text.xcconfig; path = "tvOS Tests.xcconfig"; sourceTree = "<group>"; };
		24F601561E7167FC00EC00D2 /* tvOS UI Tests.xcconfig */ = {isa = PBXFileReference; lastKnownFileType = text.xcconfig; path = "tvOS UI Tests.xcconfig"; sourceTree = "<group>"; };
		24F601571E7167FC00EC00D2 /* tvOS.xcconfig */ = {isa = PBXFileReference; lastKnownFileType = text.xcconfig; path = tvOS.xcconfig; sourceTree = "<group>"; };
		24F601591E7167FC00EC00D2 /* watchOS Application.xcconfig */ = {isa = PBXFileReference; lastKnownFileType = text.xcconfig; path = "watchOS Application.xcconfig"; sourceTree = "<group>"; };
		24F6015A1E7167FC00EC00D2 /* watchOS Extension.xcconfig */ = {isa = PBXFileReference; lastKnownFileType = text.xcconfig; path = "watchOS Extension.xcconfig"; sourceTree = "<group>"; };
		24F6015B1E7167FC00EC00D2 /* watchOS Framework.xcconfig */ = {isa = PBXFileReference; lastKnownFileType = text.xcconfig; path = "watchOS Framework.xcconfig"; sourceTree = "<group>"; };
		24F6015C1E7167FC00EC00D2 /* watchOS.xcconfig */ = {isa = PBXFileReference; lastKnownFileType = text.xcconfig; path = watchOS.xcconfig; sourceTree = "<group>"; };
		24F601731E71686200EC00D2 /* Geodesy.framework */ = {isa = PBXFileReference; explicitFileType = wrapper.framework; includeInIndex = 0; path = Geodesy.framework; sourceTree = BUILT_PRODUCTS_DIR; };
/* End PBXFileReference section */

/* Begin PBXFrameworksBuildPhase section */
		24948A1716F5DB1E00479DDD /* Frameworks */ = {
			isa = PBXFrameworksBuildPhase;
			buildActionMask = 2147483647;
			files = (
				24B72F241A1CD66E00AFFA45 /* Geodesy.framework in Frameworks */,
			);
			runOnlyForDeploymentPostprocessing = 0;
		};
		24B72EF01A1CA83600AFFA45 /* Frameworks */ = {
			isa = PBXFrameworksBuildPhase;
			buildActionMask = 2147483647;
			files = (
			);
			runOnlyForDeploymentPostprocessing = 0;
		};
		24F601661E71686200EC00D2 /* Frameworks */ = {
			isa = PBXFrameworksBuildPhase;
			buildActionMask = 2147483647;
			files = (
			);
			runOnlyForDeploymentPostprocessing = 0;
		};
/* End PBXFrameworksBuildPhase section */

/* Begin PBXGroup section */
		249489FC16F5DAE100479DDD = {
			isa = PBXGroup;
			children = (
				24948A0A16F5DAE100479DDD /* Geodesy */,
				24948A2116F5DB1E00479DDD /* Geodesy Tests */,
				24F601351E7167FC00EC00D2 /* Configurations */,
				24948A0616F5DAE100479DDD /* Products */,
			);
			sourceTree = "<group>";
		};
		24948A0616F5DAE100479DDD /* Products */ = {
			isa = PBXGroup;
			children = (
				24948A1B16F5DB1E00479DDD /* Geodesy Tests.xctest */,
				24B72EF41A1CA83600AFFA45 /* Geodesy.framework */,
				24F601731E71686200EC00D2 /* Geodesy.framework */,
			);
			name = Products;
			sourceTree = "<group>";
		};
		24948A0A16F5DAE100479DDD /* Geodesy */ = {
			isa = PBXGroup;
			children = (
				24B72F0D1A1CA84D00AFFA45 /* Info.plist */,
				2407325D1E930A6400F3EA1D /* Geodesy.swift */,
				24948A0D16F5DAE100479DDD /* Geodesy.h */,
				2432726B1E93B47200249145 /* GridReference.swift */,
				240732661E930E3000F3EA1D /* OSGridReference.swift */,
				240732571E92FFAD00F3EA1D /* Coordinate.swift */,
				243272701E93BB7A00249145 /* Coordinate+Directions.swift */,
				2407325A1E93005A00F3EA1D /* HelmertDatumTransform.swift */,
				240732511E92FD3400F3EA1D /* Ellipsoid.swift */,
				2407324E1E92FC3B00F3EA1D /* Datum.swift */,
				240732541E92FEA900F3EA1D /* CoordinateSystem.swift */,
			);
			path = Geodesy;
			sourceTree = "<group>";
		};
		24948A2116F5DB1E00479DDD /* Geodesy Tests */ = {
			isa = PBXGroup;
			children = (
				24B72F251A1CD71D00AFFA45 /* Info.plist */,
				240732601E930AAE00F3EA1D /* CoordinateConversionTests.swift */,
				243272731E93BD1600249145 /* CoordinateDirectionsTests.swift */,
				2407326A1E9317FB00F3EA1D /* OSGridReferenceTests.swift */,
				2432726E1E93B75400249145 /* GridReferenceTests.swift */,
				243272691E93AE4C00249145 /* Asserts.swift */,
			);
			path = "Geodesy Tests";
			sourceTree = "<group>";
		};
		24F601351E7167FC00EC00D2 /* Configurations */ = {
			isa = PBXGroup;
			children = (
				24F601371E7167FC00EC00D2 /* Debug.xcconfig */,
				24F601491E7167FC00EC00D2 /* Release.xcconfig */,
				24F601391E7167FC00EC00D2 /* iOS */,
				24F601421E7167FC00EC00D2 /* macOS */,
				24F601511E7167FC00EC00D2 /* tvOS */,
				24F601581E7167FC00EC00D2 /* watchOS */,
			);
			path = Configurations;
			sourceTree = "<group>";
		};
		24F601391E7167FC00EC00D2 /* iOS */ = {
			isa = PBXGroup;
			children = (
				24F6013A1E7167FC00EC00D2 /* iOS Application.xcconfig */,
				24F6013B1E7167FC00EC00D2 /* iOS Bundle.xcconfig */,
				24F6013C1E7167FC00EC00D2 /* iOS Extension.xcconfig */,
				24F6013D1E7167FC00EC00D2 /* iOS Framework.xcconfig */,
				24F6013E1E7167FC00EC00D2 /* iOS Static Library.xcconfig */,
				24F6013F1E7167FC00EC00D2 /* iOS Tests.xcconfig */,
				24F601401E7167FC00EC00D2 /* iOS UI Tests.xcconfig */,
				24F601411E7167FC00EC00D2 /* iOS.xcconfig */,
			);
			path = iOS;
			sourceTree = "<group>";
		};
		24F601421E7167FC00EC00D2 /* macOS */ = {
			isa = PBXGroup;
			children = (
				24F601431E7167FC00EC00D2 /* macOS Application.xcconfig */,
				24F601441E7167FC00EC00D2 /* macOS Extension.xcconfig */,
				24F601451E7167FC00EC00D2 /* macOS Framework.xcconfig */,
				24F601461E7167FC00EC00D2 /* macOS Tests.xcconfig */,
				24F601471E7167FC00EC00D2 /* macOS UI Tests.xcconfig */,
				24F601481E7167FC00EC00D2 /* macOS.xcconfig */,
			);
			path = macOS;
			sourceTree = "<group>";
		};
		24F601511E7167FC00EC00D2 /* tvOS */ = {
			isa = PBXGroup;
			children = (
				24F601521E7167FC00EC00D2 /* tvOS Application.xcconfig */,
				24F601531E7167FC00EC00D2 /* tvOS Extension.xcconfig */,
				24F601541E7167FC00EC00D2 /* tvOS Framework.xcconfig */,
				24F601551E7167FC00EC00D2 /* tvOS Tests.xcconfig */,
				24F601561E7167FC00EC00D2 /* tvOS UI Tests.xcconfig */,
				24F601571E7167FC00EC00D2 /* tvOS.xcconfig */,
			);
			path = tvOS;
			sourceTree = "<group>";
		};
		24F601581E7167FC00EC00D2 /* watchOS */ = {
			isa = PBXGroup;
			children = (
				24F601591E7167FC00EC00D2 /* watchOS Application.xcconfig */,
				24F6015A1E7167FC00EC00D2 /* watchOS Extension.xcconfig */,
				24F6015B1E7167FC00EC00D2 /* watchOS Framework.xcconfig */,
				24F6015C1E7167FC00EC00D2 /* watchOS.xcconfig */,
			);
			path = watchOS;
			sourceTree = "<group>";
		};
/* End PBXGroup section */

/* Begin PBXHeadersBuildPhase section */
		24B72EF11A1CA83600AFFA45 /* Headers */ = {
			isa = PBXHeadersBuildPhase;
			buildActionMask = 2147483647;
			files = (
				24B72F151A1CA8DC00AFFA45 /* Geodesy.h in Headers */,
			);
			runOnlyForDeploymentPostprocessing = 0;
		};
		24F601671E71686200EC00D2 /* Headers */ = {
			isa = PBXHeadersBuildPhase;
			buildActionMask = 2147483647;
			files = (
				24F601681E71686200EC00D2 /* Geodesy.h in Headers */,
			);
			runOnlyForDeploymentPostprocessing = 0;
		};
/* End PBXHeadersBuildPhase section */

/* Begin PBXNativeTarget section */
		24948A1A16F5DB1E00479DDD /* Geodesy Tests iOS */ = {
			isa = PBXNativeTarget;
			buildConfigurationList = 24948A2B16F5DB1E00479DDD /* Build configuration list for PBXNativeTarget "Geodesy Tests iOS" */;
			buildPhases = (
				24948A1616F5DB1E00479DDD /* Sources */,
				24948A1716F5DB1E00479DDD /* Frameworks */,
				24948A1816F5DB1E00479DDD /* Resources */,
			);
			buildRules = (
			);
			dependencies = (
				248C43281E9069C200E3405E /* PBXTargetDependency */,
			);
			name = "Geodesy Tests iOS";
			productName = DCTCoordinateTransformersTests;
			productReference = 24948A1B16F5DB1E00479DDD /* Geodesy Tests.xctest */;
			productType = "com.apple.product-type.bundle.unit-test";
		};
		24B72EF31A1CA83600AFFA45 /* Geodesy iOS */ = {
			isa = PBXNativeTarget;
			buildConfigurationList = 24B72F071A1CA83600AFFA45 /* Build configuration list for PBXNativeTarget "Geodesy iOS" */;
			buildPhases = (
				24B72EEF1A1CA83600AFFA45 /* Sources */,
				24B72EF01A1CA83600AFFA45 /* Frameworks */,
				24B72EF11A1CA83600AFFA45 /* Headers */,
				24B72EF21A1CA83600AFFA45 /* Resources */,
			);
			buildRules = (
			);
			dependencies = (
			);
			name = "Geodesy iOS";
			productName = "Geodesy iOS Framework";
			productReference = 24B72EF41A1CA83600AFFA45 /* Geodesy.framework */;
			productType = "com.apple.product-type.framework";
		};
		24F6015D1E71686200EC00D2 /* Geodesy watchOS */ = {
			isa = PBXNativeTarget;
			buildConfigurationList = 24F601701E71686200EC00D2 /* Build configuration list for PBXNativeTarget "Geodesy watchOS" */;
			buildPhases = (
				24F6015E1E71686200EC00D2 /* Sources */,
				24F601661E71686200EC00D2 /* Frameworks */,
				24F601671E71686200EC00D2 /* Headers */,
				24F6016F1E71686200EC00D2 /* Resources */,
			);
			buildRules = (
			);
			dependencies = (
			);
			name = "Geodesy watchOS";
			productName = "Geodesy iOS Framework";
			productReference = 24F601731E71686200EC00D2 /* Geodesy.framework */;
			productType = "com.apple.product-type.framework";
		};
/* End PBXNativeTarget section */

/* Begin PBXProject section */
		249489FD16F5DAE100479DDD /* Project object */ = {
			isa = PBXProject;
			attributes = {
				LastUpgradeCheck = 0820;
				ORGANIZATIONNAME = "Daniel Tull";
				TargetAttributes = {
					24948A1A16F5DB1E00479DDD = {
						DevelopmentTeam = B2M757K4LG;
					};
					24B72EF31A1CA83600AFFA45 = {
						CreatedOnToolsVersion = 6.1;
						DevelopmentTeam = B2M757K4LG;
						LastSwiftMigration = 0830;
						ProvisioningStyle = Automatic;
					};
					24F6015D1E71686200EC00D2 = {
						DevelopmentTeam = B2M757K4LG;
						LastSwiftMigration = 0830;
						ProvisioningStyle = Automatic;
					};
				};
			};
			buildConfigurationList = 24948A0016F5DAE100479DDD /* Build configuration list for PBXProject "Geodesy" */;
			compatibilityVersion = "Xcode 3.2";
			developmentRegion = English;
			hasScannedForEncodings = 0;
			knownRegions = (
				en,
			);
			mainGroup = 249489FC16F5DAE100479DDD;
			productRefGroup = 24948A0616F5DAE100479DDD /* Products */;
			projectDirPath = "";
			projectRoot = "";
			targets = (
				24B72EF31A1CA83600AFFA45 /* Geodesy iOS */,
				24F6015D1E71686200EC00D2 /* Geodesy watchOS */,
				24948A1A16F5DB1E00479DDD /* Geodesy Tests iOS */,
			);
		};
/* End PBXProject section */

/* Begin PBXResourcesBuildPhase section */
		24948A1816F5DB1E00479DDD /* Resources */ = {
			isa = PBXResourcesBuildPhase;
			buildActionMask = 2147483647;
			files = (
			);
			runOnlyForDeploymentPostprocessing = 0;
		};
		24B72EF21A1CA83600AFFA45 /* Resources */ = {
			isa = PBXResourcesBuildPhase;
			buildActionMask = 2147483647;
			files = (
			);
			runOnlyForDeploymentPostprocessing = 0;
		};
		24F6016F1E71686200EC00D2 /* Resources */ = {
			isa = PBXResourcesBuildPhase;
			buildActionMask = 2147483647;
			files = (
			);
			runOnlyForDeploymentPostprocessing = 0;
		};
/* End PBXResourcesBuildPhase section */

/* Begin PBXSourcesBuildPhase section */
		24948A1616F5DB1E00479DDD /* Sources */ = {
			isa = PBXSourcesBuildPhase;
			buildActionMask = 2147483647;
			files = (
				2432726A1E93AE4C00249145 /* Asserts.swift in Sources */,
				2407326B1E9317FB00F3EA1D /* OSGridReferenceTests.swift in Sources */,
				2432726F1E93B75400249145 /* GridReferenceTests.swift in Sources */,
				243272741E93BD1600249145 /* CoordinateDirectionsTests.swift in Sources */,
				240732631E930AE700F3EA1D /* CoordinateConversionTests.swift in Sources */,
			);
			runOnlyForDeploymentPostprocessing = 0;
		};
		24B72EEF1A1CA83600AFFA45 /* Sources */ = {
			isa = PBXSourcesBuildPhase;
			buildActionMask = 2147483647;
			files = (
				240732671E930E3000F3EA1D /* OSGridReference.swift in Sources */,
				2407324F1E92FC3B00F3EA1D /* Datum.swift in Sources */,
				240732551E92FEA900F3EA1D /* CoordinateSystem.swift in Sources */,
				240732521E92FD3400F3EA1D /* Ellipsoid.swift in Sources */,
				240732581E92FFAD00F3EA1D /* Coordinate.swift in Sources */,
				2407325B1E93005A00F3EA1D /* HelmertDatumTransform.swift in Sources */,
				2407325E1E930A6400F3EA1D /* Geodesy.swift in Sources */,
				243272711E93BB7A00249145 /* Coordinate+Directions.swift in Sources */,
				2432726C1E93B47200249145 /* GridReference.swift in Sources */,
			);
			runOnlyForDeploymentPostprocessing = 0;
		};
		24F6015E1E71686200EC00D2 /* Sources */ = {
			isa = PBXSourcesBuildPhase;
			buildActionMask = 2147483647;
			files = (
				240732681E930E3000F3EA1D /* OSGridReference.swift in Sources */,
				240732501E92FC3B00F3EA1D /* Datum.swift in Sources */,
				240732561E92FEA900F3EA1D /* CoordinateSystem.swift in Sources */,
				240732531E92FD3400F3EA1D /* Ellipsoid.swift in Sources */,
				240732591E92FFAD00F3EA1D /* Coordinate.swift in Sources */,
				2407325C1E93005A00F3EA1D /* HelmertDatumTransform.swift in Sources */,
				2407325F1E930A6400F3EA1D /* Geodesy.swift in Sources */,
				243272721E93BB7A00249145 /* Coordinate+Directions.swift in Sources */,
				2432726D1E93B47200249145 /* GridReference.swift in Sources */,
			);
			runOnlyForDeploymentPostprocessing = 0;
		};
/* End PBXSourcesBuildPhase section */

/* Begin PBXTargetDependency section */
		248C43281E9069C200E3405E /* PBXTargetDependency */ = {
			isa = PBXTargetDependency;
			target = 24B72EF31A1CA83600AFFA45 /* Geodesy iOS */;
			targetProxy = 248C43271E9069C200E3405E /* PBXContainerItemProxy */;
		};
/* End PBXTargetDependency section */

/* Begin XCBuildConfiguration section */
		24948A1116F5DAE100479DDD /* Debug */ = {
			isa = XCBuildConfiguration;
			baseConfigurationReference = 24F601371E7167FC00EC00D2 /* Debug.xcconfig */;
			buildSettings = {
				DEVELOPMENT_TEAM = B2M757K4LG;
				PRODUCT_BUNDLE_IDENTIFIER = "uk.co.danieltull.$(PRODUCT_NAME:rfc1034identifier)";
				PRODUCT_VERSION = 2.0;
				SWIFT_VERSION = 3.0;
			};
			name = Debug;
		};
		24948A1216F5DAE100479DDD /* Release */ = {
			isa = XCBuildConfiguration;
			baseConfigurationReference = 24F601491E7167FC00EC00D2 /* Release.xcconfig */;
			buildSettings = {
				DEVELOPMENT_TEAM = B2M757K4LG;
				PRODUCT_BUNDLE_IDENTIFIER = "uk.co.danieltull.$(PRODUCT_NAME:rfc1034identifier)";
				PRODUCT_VERSION = 2.0;
				SWIFT_VERSION = 3.0;
			};
			name = Release;
		};
		24948A2C16F5DB1E00479DDD /* Debug */ = {
			isa = XCBuildConfiguration;
			baseConfigurationReference = 24F6013F1E7167FC00EC00D2 /* iOS Tests.xcconfig */;
			buildSettings = {
				ALWAYS_EMBED_SWIFT_STANDARD_LIBRARIES = YES;
				PRODUCT_NAME = "Geodesy Tests";
			};
			name = Debug;
		};
		24948A2D16F5DB1E00479DDD /* Release */ = {
			isa = XCBuildConfiguration;
			baseConfigurationReference = 24F6013F1E7167FC00EC00D2 /* iOS Tests.xcconfig */;
			buildSettings = {
				ALWAYS_EMBED_SWIFT_STANDARD_LIBRARIES = YES;
				PRODUCT_NAME = "Geodesy Tests";
			};
			name = Release;
		};
		24B72F081A1CA83600AFFA45 /* Debug */ = {
			isa = XCBuildConfiguration;
			baseConfigurationReference = 24F6013D1E7167FC00EC00D2 /* iOS Framework.xcconfig */;
			buildSettings = {
				PRODUCT_NAME = Geodesy;
			};
			name = Debug;
		};
		24B72F091A1CA83600AFFA45 /* Release */ = {
			isa = XCBuildConfiguration;
			baseConfigurationReference = 24F6013D1E7167FC00EC00D2 /* iOS Framework.xcconfig */;
			buildSettings = {
				PRODUCT_NAME = Geodesy;
			};
			name = Release;
		};
		24F601711E71686200EC00D2 /* Debug */ = {
			isa = XCBuildConfiguration;
			baseConfigurationReference = 24F6015B1E7167FC00EC00D2 /* watchOS Framework.xcconfig */;
			buildSettings = {
				PRODUCT_NAME = Geodesy;
			};
			name = Debug;
		};
		24F601721E71686200EC00D2 /* Release */ = {
			isa = XCBuildConfiguration;
			baseConfigurationReference = 24F6015B1E7167FC00EC00D2 /* watchOS Framework.xcconfig */;
			buildSettings = {
				PRODUCT_NAME = Geodesy;
			};
			name = Release;
		};
/* End XCBuildConfiguration section */

/* Begin XCConfigurationList section */
		24948A0016F5DAE100479DDD /* Build configuration list for PBXProject "Geodesy" */ = {
			isa = XCConfigurationList;
			buildConfigurations = (
				24948A1116F5DAE100479DDD /* Debug */,
				24948A1216F5DAE100479DDD /* Release */,
			);
			defaultConfigurationIsVisible = 0;
			defaultConfigurationName = Release;
		};
		24948A2B16F5DB1E00479DDD /* Build configuration list for PBXNativeTarget "Geodesy Tests iOS" */ = {
			isa = XCConfigurationList;
			buildConfigurations = (
				24948A2C16F5DB1E00479DDD /* Debug */,
				24948A2D16F5DB1E00479DDD /* Release */,
			);
			defaultConfigurationIsVisible = 0;
			defaultConfigurationName = Release;
		};
		24B72F071A1CA83600AFFA45 /* Build configuration list for PBXNativeTarget "Geodesy iOS" */ = {
			isa = XCConfigurationList;
			buildConfigurations = (
				24B72F081A1CA83600AFFA45 /* Debug */,
				24B72F091A1CA83600AFFA45 /* Release */,
			);
			defaultConfigurationIsVisible = 0;
			defaultConfigurationName = Release;
		};
		24F601701E71686200EC00D2 /* Build configuration list for PBXNativeTarget "Geodesy watchOS" */ = {
			isa = XCConfigurationList;
			buildConfigurations = (
				24F601711E71686200EC00D2 /* Debug */,
				24F601721E71686200EC00D2 /* Release */,
			);
			defaultConfigurationIsVisible = 0;
			defaultConfigurationName = Release;
		};
/* End XCConfigurationList section */
	};
	rootObject = 249489FD16F5DAE100479DDD /* Project object */;
}
