// !$*UTF8*$!
{
	archiveVersion = 1;
	classes = {
	};
	objectVersion = 46;
	objects = {

/* Begin PBXBuildFile section */
		24948A3C16F5DEF100479DDD /* DCTOSGridRefCoordinateTests.m in Sources */ = {isa = PBXBuildFile; fileRef = 24948A3B16F5DEF100479DDD /* DCTOSGridRefCoordinateTests.m */; };
		24948A4716F6097700479DDD /* DCTOSGB36ToGridRefTransformerTests.m in Sources */ = {isa = PBXBuildFile; fileRef = 24948A4616F6097700479DDD /* DCTOSGB36ToGridRefTransformerTests.m */; };
		24948A4D16F6171B00479DDD /* DCTWGS84ToOSGB36TransformerTests.m in Sources */ = {isa = PBXBuildFile; fileRef = 24948A4C16F6171B00479DDD /* DCTWGS84ToOSGB36TransformerTests.m */; };
		24B512F1170725F5009822CD /* GDYCoordinateTests.m in Sources */ = {isa = PBXBuildFile; fileRef = 24B512F0170725F5009822CD /* GDYCoordinateTests.m */; };
		24B72F0E1A1CA8C400AFFA45 /* Geodesy.m in Sources */ = {isa = PBXBuildFile; fileRef = 24B30E871700668B00221FFF /* Geodesy.m */; };
		24B72F0F1A1CA8C400AFFA45 /* GDYOSGridReference.m in Sources */ = {isa = PBXBuildFile; fileRef = 24948A3216F5DC2700479DDD /* GDYOSGridReference.m */; };
		24B72F101A1CA8C400AFFA45 /* GDYCoordinate.m in Sources */ = {isa = PBXBuildFile; fileRef = 24948A3816F5DC7700479DDD /* GDYCoordinate.m */; };
		24B72F111A1CA8C400AFFA45 /* GDYHelmertDatumTransform.m in Sources */ = {isa = PBXBuildFile; fileRef = 24948A5216F61E6B00479DDD /* GDYHelmertDatumTransform.m */; };
		24B72F121A1CA8C400AFFA45 /* GDYEllipsoid.m in Sources */ = {isa = PBXBuildFile; fileRef = 24948A5816F64CE000479DDD /* GDYEllipsoid.m */; };
		24B72F131A1CA8C400AFFA45 /* GDYDatum.m in Sources */ = {isa = PBXBuildFile; fileRef = 24948A5B16F6667000479DDD /* GDYDatum.m */; };
		24B72F141A1CA8C400AFFA45 /* GDYCoordinateSystem.m in Sources */ = {isa = PBXBuildFile; fileRef = 24948A6116F6FFF400479DDD /* GDYCoordinateSystem.m */; };
		24B72F151A1CA8DC00AFFA45 /* Geodesy.h in Headers */ = {isa = PBXBuildFile; fileRef = 24948A0D16F5DAE100479DDD /* Geodesy.h */; settings = {ATTRIBUTES = (Public, ); }; };
		24B72F161A1CA8DC00AFFA45 /* GDYOSGridReference.h in Headers */ = {isa = PBXBuildFile; fileRef = 24948A3116F5DC2700479DDD /* GDYOSGridReference.h */; settings = {ATTRIBUTES = (Public, ); }; };
		24B72F171A1CA8DC00AFFA45 /* GDYCoordinate.h in Headers */ = {isa = PBXBuildFile; fileRef = 24948A3716F5DC7700479DDD /* GDYCoordinate.h */; settings = {ATTRIBUTES = (Public, ); }; };
		24B72F181A1CA8DC00AFFA45 /* GDYHelmertDatumTransform.h in Headers */ = {isa = PBXBuildFile; fileRef = 24948A5116F61E6A00479DDD /* GDYHelmertDatumTransform.h */; settings = {ATTRIBUTES = (Public, ); }; };
		24B72F191A1CA8DC00AFFA45 /* GDYEllipsoid.h in Headers */ = {isa = PBXBuildFile; fileRef = 24948A5716F64CE000479DDD /* GDYEllipsoid.h */; settings = {ATTRIBUTES = (Public, ); }; };
		24B72F1A1A1CA8DC00AFFA45 /* GDYDatum.h in Headers */ = {isa = PBXBuildFile; fileRef = 24948A5A16F6666F00479DDD /* GDYDatum.h */; settings = {ATTRIBUTES = (Public, ); }; };
		24B72F1B1A1CA8DC00AFFA45 /* GDYCoordinateSystem.h in Headers */ = {isa = PBXBuildFile; fileRef = 24948A6016F6FFF400479DDD /* GDYCoordinateSystem.h */; settings = {ATTRIBUTES = (Public, ); }; };
		24B72F241A1CD66E00AFFA45 /* Geodesy.framework in Frameworks */ = {isa = PBXBuildFile; fileRef = 24B72EF41A1CA83600AFFA45 /* Geodesy.framework */; };
/* End PBXBuildFile section */

/* Begin PBXFileReference section */
		24948A0D16F5DAE100479DDD /* Geodesy.h */ = {isa = PBXFileReference; lastKnownFileType = sourcecode.c.h; path = Geodesy.h; sourceTree = "<group>"; };
		24948A1B16F5DB1E00479DDD /* Geodesy Tests.xctest */ = {isa = PBXFileReference; explicitFileType = wrapper.cfbundle; includeInIndex = 0; path = "Geodesy Tests.xctest"; sourceTree = BUILT_PRODUCTS_DIR; };
		24948A3116F5DC2700479DDD /* GDYOSGridReference.h */ = {isa = PBXFileReference; fileEncoding = 4; lastKnownFileType = sourcecode.c.h; path = GDYOSGridReference.h; sourceTree = "<group>"; };
		24948A3216F5DC2700479DDD /* GDYOSGridReference.m */ = {isa = PBXFileReference; fileEncoding = 4; lastKnownFileType = sourcecode.c.objc; path = GDYOSGridReference.m; sourceTree = "<group>"; };
		24948A3716F5DC7700479DDD /* GDYCoordinate.h */ = {isa = PBXFileReference; fileEncoding = 4; lastKnownFileType = sourcecode.c.h; path = GDYCoordinate.h; sourceTree = "<group>"; };
		24948A3816F5DC7700479DDD /* GDYCoordinate.m */ = {isa = PBXFileReference; fileEncoding = 4; lastKnownFileType = sourcecode.c.objc; path = GDYCoordinate.m; sourceTree = "<group>"; };
		24948A3B16F5DEF100479DDD /* DCTOSGridRefCoordinateTests.m */ = {isa = PBXFileReference; fileEncoding = 4; lastKnownFileType = sourcecode.c.objc; path = DCTOSGridRefCoordinateTests.m; sourceTree = "<group>"; };
		24948A4616F6097700479DDD /* DCTOSGB36ToGridRefTransformerTests.m */ = {isa = PBXFileReference; fileEncoding = 4; lastKnownFileType = sourcecode.c.objc; path = DCTOSGB36ToGridRefTransformerTests.m; sourceTree = "<group>"; };
		24948A4C16F6171B00479DDD /* DCTWGS84ToOSGB36TransformerTests.m */ = {isa = PBXFileReference; fileEncoding = 4; lastKnownFileType = sourcecode.c.objc; path = DCTWGS84ToOSGB36TransformerTests.m; sourceTree = "<group>"; };
		24948A5116F61E6A00479DDD /* GDYHelmertDatumTransform.h */ = {isa = PBXFileReference; fileEncoding = 4; lastKnownFileType = sourcecode.c.h; path = GDYHelmertDatumTransform.h; sourceTree = "<group>"; };
		24948A5216F61E6B00479DDD /* GDYHelmertDatumTransform.m */ = {isa = PBXFileReference; fileEncoding = 4; lastKnownFileType = sourcecode.c.objc; path = GDYHelmertDatumTransform.m; sourceTree = "<group>"; };
		24948A5716F64CE000479DDD /* GDYEllipsoid.h */ = {isa = PBXFileReference; fileEncoding = 4; lastKnownFileType = sourcecode.c.h; path = GDYEllipsoid.h; sourceTree = "<group>"; };
		24948A5816F64CE000479DDD /* GDYEllipsoid.m */ = {isa = PBXFileReference; fileEncoding = 4; lastKnownFileType = sourcecode.c.objc; path = GDYEllipsoid.m; sourceTree = "<group>"; };
		24948A5A16F6666F00479DDD /* GDYDatum.h */ = {isa = PBXFileReference; fileEncoding = 4; lastKnownFileType = sourcecode.c.h; path = GDYDatum.h; sourceTree = "<group>"; };
		24948A5B16F6667000479DDD /* GDYDatum.m */ = {isa = PBXFileReference; fileEncoding = 4; lastKnownFileType = sourcecode.c.objc; path = GDYDatum.m; sourceTree = "<group>"; };
		24948A6016F6FFF400479DDD /* GDYCoordinateSystem.h */ = {isa = PBXFileReference; fileEncoding = 4; lastKnownFileType = sourcecode.c.h; path = GDYCoordinateSystem.h; sourceTree = "<group>"; };
		24948A6116F6FFF400479DDD /* GDYCoordinateSystem.m */ = {isa = PBXFileReference; fileEncoding = 4; lastKnownFileType = sourcecode.c.objc; path = GDYCoordinateSystem.m; sourceTree = "<group>"; };
		24B30E871700668B00221FFF /* Geodesy.m */ = {isa = PBXFileReference; fileEncoding = 4; lastKnownFileType = sourcecode.c.objc; path = Geodesy.m; sourceTree = "<group>"; };
		24B512F0170725F5009822CD /* GDYCoordinateTests.m */ = {isa = PBXFileReference; fileEncoding = 4; lastKnownFileType = sourcecode.c.objc; path = GDYCoordinateTests.m; sourceTree = "<group>"; };
		24B72EF41A1CA83600AFFA45 /* Geodesy.framework */ = {isa = PBXFileReference; explicitFileType = wrapper.framework; includeInIndex = 0; path = Geodesy.framework; sourceTree = BUILT_PRODUCTS_DIR; };
		24B72F0D1A1CA84D00AFFA45 /* Info.plist */ = {isa = PBXFileReference; lastKnownFileType = text.plist.xml; path = Info.plist; sourceTree = "<group>"; };
		24B72F251A1CD71D00AFFA45 /* Info.plist */ = {isa = PBXFileReference; lastKnownFileType = text.plist.xml; path = Info.plist; sourceTree = "<group>"; };
		24F601371E7167FC00EC00D2 /* Debug.xcconfig */ = {isa = PBXFileReference; lastKnownFileType = text.xcconfig; path = Debug.xcconfig; sourceTree = "<group>"; };
		24F6013A1E7167FC00EC00D2 /* iOS Application.xcconfig */ = {isa = PBXFileReference; lastKnownFileType = text.xcconfig; path = "iOS Application.xcconfig"; sourceTree = "<group>"; };
		24F6013B1E7167FC00EC00D2 /* iOS Bundle.xcconfig */ = {isa = PBXFileReference; lastKnownFileType = text.xcconfig; path = "iOS Bundle.xcconfig"; sourceTree = "<group>"; };
		24F6013C1E7167FC00EC00D2 /* iOS Extension.xcconfig */ = {isa = PBXFileReference; lastKnownFileType = text.xcconfig; path = "iOS Extension.xcconfig"; sourceTree = "<group>"; };
		24F6013D1E7167FC00EC00D2 /* iOS Framework.xcconfig */ = {isa = PBXFileReference; lastKnownFileType = text.xcconfig; path = "iOS Framework.xcconfig"; sourceTree = "<group>"; };
		24F6013E1E7167FC00EC00D2 /* iOS Static Library.xcconfig */ = {isa = PBXFileReference; lastKnownFileType = text.xcconfig; path = "iOS Static Library.xcconfig"; sourceTree = "<group>"; };
		24F6013F1E7167FC00EC00D2 /* iOS Tests.xcconfig */ = {isa = PBXFileReference; lastKnownFileType = text.xcconfig; path = "iOS Tests.xcconfig"; sourceTree = "<group>"; };
		24F601401E7167FC00EC00D2 /* iOS UI Tests.xcconfig */ = {isa = PBXFileReference; lastKnownFileType = text.xcconfig; path = "iOS UI Tests.xcconfig"; sourceTree = "<group>"; };
		24F601411E7167FC00EC00D2 /* iOS.xcconfig */ = {isa = PBXFileReference; lastKnownFileType = text.xcconfig; path = iOS.xcconfig; sourceTree = "<group>"; };
		24F601431E7167FC00EC00D2 /* macOS Application.xcconfig */ = {isa = PBXFileReference; lastKnownFileType = text.xcconfig; path = "macOS Application.xcconfig"; sourceTree = "<group>"; };
		24F601441E7167FC00EC00D2 /* macOS Extension.xcconfig */ = {isa = PBXFileReference; lastKnownFileType = text.xcconfig; path = "macOS Extension.xcconfig"; sourceTree = "<group>"; };
		24F601451E7167FC00EC00D2 /* macOS Framework.xcconfig */ = {isa = PBXFileReference; lastKnownFileType = text.xcconfig; path = "macOS Framework.xcconfig"; sourceTree = "<group>"; };
		24F601461E7167FC00EC00D2 /* macOS Tests.xcconfig */ = {isa = PBXFileReference; lastKnownFileType = text.xcconfig; path = "macOS Tests.xcconfig"; sourceTree = "<group>"; };
		24F601471E7167FC00EC00D2 /* macOS UI Tests.xcconfig */ = {isa = PBXFileReference; lastKnownFileType = text.xcconfig; path = "macOS UI Tests.xcconfig"; sourceTree = "<group>"; };
		24F601481E7167FC00EC00D2 /* macOS.xcconfig */ = {isa = PBXFileReference; lastKnownFileType = text.xcconfig; path = macOS.xcconfig; sourceTree = "<group>"; };
		24F601491E7167FC00EC00D2 /* Release.xcconfig */ = {isa = PBXFileReference; lastKnownFileType = text.xcconfig; path = Release.xcconfig; sourceTree = "<group>"; };
		24F601521E7167FC00EC00D2 /* tvOS Application.xcconfig */ = {isa = PBXFileReference; lastKnownFileType = text.xcconfig; path = "tvOS Application.xcconfig"; sourceTree = "<group>"; };
		24F601531E7167FC00EC00D2 /* tvOS Extension.xcconfig */ = {isa = PBXFileReference; lastKnownFileType = text.xcconfig; path = "tvOS Extension.xcconfig"; sourceTree = "<group>"; };
		24F601541E7167FC00EC00D2 /* tvOS Framework.xcconfig */ = {isa = PBXFileReference; lastKnownFileType = text.xcconfig; path = "tvOS Framework.xcconfig"; sourceTree = "<group>"; };
		24F601551E7167FC00EC00D2 /* tvOS Tests.xcconfig */ = {isa = PBXFileReference; lastKnownFileType = text.xcconfig; path = "tvOS Tests.xcconfig"; sourceTree = "<group>"; };
		24F601561E7167FC00EC00D2 /* tvOS UI Tests.xcconfig */ = {isa = PBXFileReference; lastKnownFileType = text.xcconfig; path = "tvOS UI Tests.xcconfig"; sourceTree = "<group>"; };
		24F601571E7167FC00EC00D2 /* tvOS.xcconfig */ = {isa = PBXFileReference; lastKnownFileType = text.xcconfig; path = tvOS.xcconfig; sourceTree = "<group>"; };
		24F601591E7167FC00EC00D2 /* watchOS Application.xcconfig */ = {isa = PBXFileReference; lastKnownFileType = text.xcconfig; path = "watchOS Application.xcconfig"; sourceTree = "<group>"; };
		24F6015A1E7167FC00EC00D2 /* watchOS Extension.xcconfig */ = {isa = PBXFileReference; lastKnownFileType = text.xcconfig; path = "watchOS Extension.xcconfig"; sourceTree = "<group>"; };
		24F6015B1E7167FC00EC00D2 /* watchOS Framework.xcconfig */ = {isa = PBXFileReference; lastKnownFileType = text.xcconfig; path = "watchOS Framework.xcconfig"; sourceTree = "<group>"; };
		24F6015C1E7167FC00EC00D2 /* watchOS.xcconfig */ = {isa = PBXFileReference; lastKnownFileType = text.xcconfig; path = watchOS.xcconfig; sourceTree = "<group>"; };
/* End PBXFileReference section */

/* Begin PBXFrameworksBuildPhase section */
		24948A1716F5DB1E00479DDD /* Frameworks */ = {
			isa = PBXFrameworksBuildPhase;
			buildActionMask = 2147483647;
			files = (
				24B72F241A1CD66E00AFFA45 /* Geodesy.framework in Frameworks */,
			);
			runOnlyForDeploymentPostprocessing = 0;
		};
		24B72EF01A1CA83600AFFA45 /* Frameworks */ = {
			isa = PBXFrameworksBuildPhase;
			buildActionMask = 2147483647;
			files = (
			);
			runOnlyForDeploymentPostprocessing = 0;
		};
/* End PBXFrameworksBuildPhase section */

/* Begin PBXGroup section */
		249489FC16F5DAE100479DDD = {
			isa = PBXGroup;
			children = (
				24948A0A16F5DAE100479DDD /* Geodesy */,
				24948A2116F5DB1E00479DDD /* Geodesy Tests */,
				24F601351E7167FC00EC00D2 /* Configurations */,
				24948A0616F5DAE100479DDD /* Products */,
			);
			sourceTree = "<group>";
		};
		24948A0616F5DAE100479DDD /* Products */ = {
			isa = PBXGroup;
			children = (
				24948A1B16F5DB1E00479DDD /* Geodesy Tests.xctest */,
				24B72EF41A1CA83600AFFA45 /* Geodesy.framework */,
			);
			name = Products;
			sourceTree = "<group>";
		};
		24948A0A16F5DAE100479DDD /* Geodesy */ = {
			isa = PBXGroup;
			children = (
				24B72F0D1A1CA84D00AFFA45 /* Info.plist */,
				24948A0D16F5DAE100479DDD /* Geodesy.h */,
				24B30E871700668B00221FFF /* Geodesy.m */,
				24948A3116F5DC2700479DDD /* GDYOSGridReference.h */,
				24948A3216F5DC2700479DDD /* GDYOSGridReference.m */,
				24948A3716F5DC7700479DDD /* GDYCoordinate.h */,
				24948A3816F5DC7700479DDD /* GDYCoordinate.m */,
				24948A5116F61E6A00479DDD /* GDYHelmertDatumTransform.h */,
				24948A5216F61E6B00479DDD /* GDYHelmertDatumTransform.m */,
				24948A5716F64CE000479DDD /* GDYEllipsoid.h */,
				24948A5816F64CE000479DDD /* GDYEllipsoid.m */,
				24948A5A16F6666F00479DDD /* GDYDatum.h */,
				24948A5B16F6667000479DDD /* GDYDatum.m */,
				24948A6016F6FFF400479DDD /* GDYCoordinateSystem.h */,
				24948A6116F6FFF400479DDD /* GDYCoordinateSystem.m */,
			);
			path = Geodesy;
			sourceTree = "<group>";
		};
		24948A2116F5DB1E00479DDD /* Geodesy Tests */ = {
			isa = PBXGroup;
			children = (
				24B72F251A1CD71D00AFFA45 /* Info.plist */,
				24948A3B16F5DEF100479DDD /* DCTOSGridRefCoordinateTests.m */,
				24948A4616F6097700479DDD /* DCTOSGB36ToGridRefTransformerTests.m */,
				24948A4C16F6171B00479DDD /* DCTWGS84ToOSGB36TransformerTests.m */,
				24B512F0170725F5009822CD /* GDYCoordinateTests.m */,
			);
			path = "Geodesy Tests";
			sourceTree = "<group>";
		};
		24F601351E7167FC00EC00D2 /* Configurations */ = {
			isa = PBXGroup;
			children = (
				24F601371E7167FC00EC00D2 /* Debug.xcconfig */,
				24F601491E7167FC00EC00D2 /* Release.xcconfig */,
				24F601391E7167FC00EC00D2 /* iOS */,
				24F601421E7167FC00EC00D2 /* macOS */,
				24F601511E7167FC00EC00D2 /* tvOS */,
				24F601581E7167FC00EC00D2 /* watchOS */,
			);
			path = Configurations;
			sourceTree = "<group>";
		};
		24F601391E7167FC00EC00D2 /* iOS */ = {
			isa = PBXGroup;
			children = (
				24F6013A1E7167FC00EC00D2 /* iOS Application.xcconfig */,
				24F6013B1E7167FC00EC00D2 /* iOS Bundle.xcconfig */,
				24F6013C1E7167FC00EC00D2 /* iOS Extension.xcconfig */,
				24F6013D1E7167FC00EC00D2 /* iOS Framework.xcconfig */,
				24F6013E1E7167FC00EC00D2 /* iOS Static Library.xcconfig */,
				24F6013F1E7167FC00EC00D2 /* iOS Tests.xcconfig */,
				24F601401E7167FC00EC00D2 /* iOS UI Tests.xcconfig */,
				24F601411E7167FC00EC00D2 /* iOS.xcconfig */,
			);
			path = iOS;
			sourceTree = "<group>";
		};
		24F601421E7167FC00EC00D2 /* macOS */ = {
			isa = PBXGroup;
			children = (
				24F601431E7167FC00EC00D2 /* macOS Application.xcconfig */,
				24F601441E7167FC00EC00D2 /* macOS Extension.xcconfig */,
				24F601451E7167FC00EC00D2 /* macOS Framework.xcconfig */,
				24F601461E7167FC00EC00D2 /* macOS Tests.xcconfig */,
				24F601471E7167FC00EC00D2 /* macOS UI Tests.xcconfig */,
				24F601481E7167FC00EC00D2 /* macOS.xcconfig */,
			);
			path = macOS;
			sourceTree = "<group>";
		};
		24F601511E7167FC00EC00D2 /* tvOS */ = {
			isa = PBXGroup;
			children = (
				24F601521E7167FC00EC00D2 /* tvOS Application.xcconfig */,
				24F601531E7167FC00EC00D2 /* tvOS Extension.xcconfig */,
				24F601541E7167FC00EC00D2 /* tvOS Framework.xcconfig */,
				24F601551E7167FC00EC00D2 /* tvOS Tests.xcconfig */,
				24F601561E7167FC00EC00D2 /* tvOS UI Tests.xcconfig */,
				24F601571E7167FC00EC00D2 /* tvOS.xcconfig */,
			);
			path = tvOS;
			sourceTree = "<group>";
		};
		24F601581E7167FC00EC00D2 /* watchOS */ = {
			isa = PBXGroup;
			children = (
				24F601591E7167FC00EC00D2 /* watchOS Application.xcconfig */,
				24F6015A1E7167FC00EC00D2 /* watchOS Extension.xcconfig */,
				24F6015B1E7167FC00EC00D2 /* watchOS Framework.xcconfig */,
				24F6015C1E7167FC00EC00D2 /* watchOS.xcconfig */,
			);
			path = watchOS;
			sourceTree = "<group>";
		};
/* End PBXGroup section */

/* Begin PBXHeadersBuildPhase section */
		24B72EF11A1CA83600AFFA45 /* Headers */ = {
			isa = PBXHeadersBuildPhase;
			buildActionMask = 2147483647;
			files = (
				24B72F151A1CA8DC00AFFA45 /* Geodesy.h in Headers */,
				24B72F161A1CA8DC00AFFA45 /* GDYOSGridReference.h in Headers */,
				24B72F171A1CA8DC00AFFA45 /* GDYCoordinate.h in Headers */,
				24B72F181A1CA8DC00AFFA45 /* GDYHelmertDatumTransform.h in Headers */,
				24B72F191A1CA8DC00AFFA45 /* GDYEllipsoid.h in Headers */,
				24B72F1A1A1CA8DC00AFFA45 /* GDYDatum.h in Headers */,
				24B72F1B1A1CA8DC00AFFA45 /* GDYCoordinateSystem.h in Headers */,
			);
			runOnlyForDeploymentPostprocessing = 0;
		};
/* End PBXHeadersBuildPhase section */

/* Begin PBXNativeTarget section */
		24948A1A16F5DB1E00479DDD /* Geodesy Tests */ = {
			isa = PBXNativeTarget;
			buildConfigurationList = 24948A2B16F5DB1E00479DDD /* Build configuration list for PBXNativeTarget "Geodesy Tests" */;
			buildPhases = (
				24948A1616F5DB1E00479DDD /* Sources */,
				24948A1716F5DB1E00479DDD /* Frameworks */,
				24948A1816F5DB1E00479DDD /* Resources */,
				24948A1916F5DB1E00479DDD /* ShellScript */,
			);
			buildRules = (
			);
			dependencies = (
			);
			name = "Geodesy Tests";
			productName = DCTCoordinateTransformersTests;
			productReference = 24948A1B16F5DB1E00479DDD /* Geodesy Tests.xctest */;
			productType = "com.apple.product-type.bundle.unit-test";
		};
		24B72EF31A1CA83600AFFA45 /* Geodesy iOS */ = {
			isa = PBXNativeTarget;
			buildConfigurationList = 24B72F071A1CA83600AFFA45 /* Build configuration list for PBXNativeTarget "Geodesy iOS" */;
			buildPhases = (
				24B72EEF1A1CA83600AFFA45 /* Sources */,
				24B72EF01A1CA83600AFFA45 /* Frameworks */,
				24B72EF11A1CA83600AFFA45 /* Headers */,
				24B72EF21A1CA83600AFFA45 /* Resources */,
			);
			buildRules = (
			);
			dependencies = (
			);
			name = "Geodesy iOS";
			productName = "Geodesy iOS Framework";
			productReference = 24B72EF41A1CA83600AFFA45 /* Geodesy.framework */;
			productType = "com.apple.product-type.framework";
		};
/* End PBXNativeTarget section */

/* Begin PBXProject section */
		249489FD16F5DAE100479DDD /* Project object */ = {
			isa = PBXProject;
			attributes = {
				LastUpgradeCheck = 0460;
				ORGANIZATIONNAME = "Daniel Tull";
				TargetAttributes = {
					24B72EF31A1CA83600AFFA45 = {
						CreatedOnToolsVersion = 6.1;
					};
				};
			};
			buildConfigurationList = 24948A0016F5DAE100479DDD /* Build configuration list for PBXProject "Geodesy" */;
			compatibilityVersion = "Xcode 3.2";
			developmentRegion = English;
			hasScannedForEncodings = 0;
			knownRegions = (
				en,
			);
			mainGroup = 249489FC16F5DAE100479DDD;
			productRefGroup = 24948A0616F5DAE100479DDD /* Products */;
			projectDirPath = "";
			projectRoot = "";
			targets = (
				24B72EF31A1CA83600AFFA45 /* Geodesy iOS */,
				24948A1A16F5DB1E00479DDD /* Geodesy Tests */,
			);
		};
/* End PBXProject section */

/* Begin PBXResourcesBuildPhase section */
		24948A1816F5DB1E00479DDD /* Resources */ = {
			isa = PBXResourcesBuildPhase;
			buildActionMask = 2147483647;
			files = (
			);
			runOnlyForDeploymentPostprocessing = 0;
		};
		24B72EF21A1CA83600AFFA45 /* Resources */ = {
			isa = PBXResourcesBuildPhase;
			buildActionMask = 2147483647;
			files = (
			);
			runOnlyForDeploymentPostprocessing = 0;
		};
/* End PBXResourcesBuildPhase section */

/* Begin PBXShellScriptBuildPhase section */
		24948A1916F5DB1E00479DDD /* ShellScript */ = {
			isa = PBXShellScriptBuildPhase;
			buildActionMask = 2147483647;
			files = (
			);
			inputPaths = (
			);
			outputPaths = (
			);
			runOnlyForDeploymentPostprocessing = 0;
			shellPath = /bin/sh;
			shellScript = "# Run the unit tests in this test bundle.\n\"${SYSTEM_DEVELOPER_DIR}/Tools/RunUnitTests\"\n";
		};
/* End PBXShellScriptBuildPhase section */

/* Begin PBXSourcesBuildPhase section */
		24948A1616F5DB1E00479DDD /* Sources */ = {
			isa = PBXSourcesBuildPhase;
			buildActionMask = 2147483647;
			files = (
				24948A3C16F5DEF100479DDD /* DCTOSGridRefCoordinateTests.m in Sources */,
				24948A4716F6097700479DDD /* DCTOSGB36ToGridRefTransformerTests.m in Sources */,
				24948A4D16F6171B00479DDD /* DCTWGS84ToOSGB36TransformerTests.m in Sources */,
				24B512F1170725F5009822CD /* GDYCoordinateTests.m in Sources */,
			);
			runOnlyForDeploymentPostprocessing = 0;
		};
		24B72EEF1A1CA83600AFFA45 /* Sources */ = {
			isa = PBXSourcesBuildPhase;
			buildActionMask = 2147483647;
			files = (
				24B72F0E1A1CA8C400AFFA45 /* Geodesy.m in Sources */,
				24B72F0F1A1CA8C400AFFA45 /* GDYOSGridReference.m in Sources */,
				24B72F101A1CA8C400AFFA45 /* GDYCoordinate.m in Sources */,
				24B72F111A1CA8C400AFFA45 /* GDYHelmertDatumTransform.m in Sources */,
				24B72F121A1CA8C400AFFA45 /* GDYEllipsoid.m in Sources */,
				24B72F131A1CA8C400AFFA45 /* GDYDatum.m in Sources */,
				24B72F141A1CA8C400AFFA45 /* GDYCoordinateSystem.m in Sources */,
			);
			runOnlyForDeploymentPostprocessing = 0;
		};
/* End PBXSourcesBuildPhase section */

/* Begin XCBuildConfiguration section */
		24948A1116F5DAE100479DDD /* Debug */ = {
			isa = XCBuildConfiguration;
			baseConfigurationReference = 24F601371E7167FC00EC00D2 /* Debug.xcconfig */;
			buildSettings = {
			};
			name = Debug;
		};
		24948A1216F5DAE100479DDD /* Release */ = {
			isa = XCBuildConfiguration;
			baseConfigurationReference = 24F601491E7167FC00EC00D2 /* Release.xcconfig */;
			buildSettings = {
			};
			name = Release;
		};
		24948A2C16F5DB1E00479DDD /* Debug */ = {
			isa = XCBuildConfiguration;
			baseConfigurationReference = 24F6013F1E7167FC00EC00D2 /* iOS Tests.xcconfig */;
			buildSettings = {
				PRODUCT_NAME = "Geodesy Tests";
			};
			name = Debug;
		};
		24948A2D16F5DB1E00479DDD /* Release */ = {
			isa = XCBuildConfiguration;
			baseConfigurationReference = 24F6013F1E7167FC00EC00D2 /* iOS Tests.xcconfig */;
			buildSettings = {
				PRODUCT_NAME = "Geodesy Tests";
			};
			name = Release;
		};
		24B72F081A1CA83600AFFA45 /* Debug */ = {
			isa = XCBuildConfiguration;
			baseConfigurationReference = 24F6013D1E7167FC00EC00D2 /* iOS Framework.xcconfig */;
			buildSettings = {
				PRODUCT_NAME = Geodesy;
			};
			name = Debug;
		};
		24B72F091A1CA83600AFFA45 /* Release */ = {
			isa = XCBuildConfiguration;
			baseConfigurationReference = 24F6013D1E7167FC00EC00D2 /* iOS Framework.xcconfig */;
			buildSettings = {
				PRODUCT_NAME = Geodesy;
			};
			name = Release;
		};
/* End XCBuildConfiguration section */

/* Begin XCConfigurationList section */
		24948A0016F5DAE100479DDD /* Build configuration list for PBXProject "Geodesy" */ = {
			isa = XCConfigurationList;
			buildConfigurations = (
				24948A1116F5DAE100479DDD /* Debug */,
				24948A1216F5DAE100479DDD /* Release */,
			);
			defaultConfigurationIsVisible = 0;
			defaultConfigurationName = Release;
		};
		24948A2B16F5DB1E00479DDD /* Build configuration list for PBXNativeTarget "Geodesy Tests" */ = {
			isa = XCConfigurationList;
			buildConfigurations = (
				24948A2C16F5DB1E00479DDD /* Debug */,
				24948A2D16F5DB1E00479DDD /* Release */,
			);
			defaultConfigurationIsVisible = 0;
			defaultConfigurationName = Release;
		};
		24B72F071A1CA83600AFFA45 /* Build configuration list for PBXNativeTarget "Geodesy iOS" */ = {
			isa = XCConfigurationList;
			buildConfigurations = (
				24B72F081A1CA83600AFFA45 /* Debug */,
				24B72F091A1CA83600AFFA45 /* Release */,
			);
			defaultConfigurationIsVisible = 0;
			defaultConfigurationName = Release;
		};
/* End XCConfigurationList section */
	};
	rootObject = 249489FD16F5DAE100479DDD /* Project object */;
}
