// !$*UTF8*$!
{
	archiveVersion = 1;
	classes = {
	};
	objectVersion = 46;
	objects = {

/* Begin PBXBuildFile section */
		24948A0916F5DAE100479DDD /* Foundation.framework in Frameworks */ = {isa = PBXBuildFile; fileRef = 24948A0816F5DAE100479DDD /* Foundation.framework */; };
		24948A0E16F5DAE100479DDD /* Geodesy.h in CopyFiles */ = {isa = PBXBuildFile; fileRef = 24948A0D16F5DAE100479DDD /* Geodesy.h */; };
		24948A1F16F5DB1E00479DDD /* UIKit.framework in Frameworks */ = {isa = PBXBuildFile; fileRef = 24948A1E16F5DB1E00479DDD /* UIKit.framework */; };
		24948A2016F5DB1E00479DDD /* Foundation.framework in Frameworks */ = {isa = PBXBuildFile; fileRef = 24948A0816F5DAE100479DDD /* Foundation.framework */; };
		24948A2616F5DB1E00479DDD /* InfoPlist.strings in Resources */ = {isa = PBXBuildFile; fileRef = 24948A2416F5DB1E00479DDD /* InfoPlist.strings */; };
		24948A3316F5DC2700479DDD /* GDYOSGridReference.m in Sources */ = {isa = PBXBuildFile; fileRef = 24948A3216F5DC2700479DDD /* GDYOSGridReference.m */; };
		24948A3916F5DC7700479DDD /* GDYCoordinate.m in Sources */ = {isa = PBXBuildFile; fileRef = 24948A3816F5DC7700479DDD /* GDYCoordinate.m */; };
		24948A3C16F5DEF100479DDD /* DCTOSGridRefCoordinateTests.m in Sources */ = {isa = PBXBuildFile; fileRef = 24948A3B16F5DEF100479DDD /* DCTOSGridRefCoordinateTests.m */; };
		24948A3E16F5DF1C00479DDD /* GDYOSGridReference.h in CopyFiles */ = {isa = PBXBuildFile; fileRef = 24948A3116F5DC2700479DDD /* GDYOSGridReference.h */; };
		24948A4016F5DF1C00479DDD /* GDYCoordinate.h in CopyFiles */ = {isa = PBXBuildFile; fileRef = 24948A3716F5DC7700479DDD /* GDYCoordinate.h */; };
		24948A4116F5E36100479DDD /* libGeodesy.a in Frameworks */ = {isa = PBXBuildFile; fileRef = 24948A0516F5DAE100479DDD /* libGeodesy.a */; };
		24948A4716F6097700479DDD /* DCTOSGB36ToGridRefTransformerTests.m in Sources */ = {isa = PBXBuildFile; fileRef = 24948A4616F6097700479DDD /* DCTOSGB36ToGridRefTransformerTests.m */; };
		24948A4D16F6171B00479DDD /* DCTWGS84ToOSGB36TransformerTests.m in Sources */ = {isa = PBXBuildFile; fileRef = 24948A4C16F6171B00479DDD /* DCTWGS84ToOSGB36TransformerTests.m */; };
		24948A5316F61E6B00479DDD /* GDYHelmertDatumTransform.m in Sources */ = {isa = PBXBuildFile; fileRef = 24948A5216F61E6B00479DDD /* GDYHelmertDatumTransform.m */; };
		24948A5916F64CE000479DDD /* GDYEllipsoid.m in Sources */ = {isa = PBXBuildFile; fileRef = 24948A5816F64CE000479DDD /* GDYEllipsoid.m */; };
		24948A5C16F6667000479DDD /* GDYDatum.m in Sources */ = {isa = PBXBuildFile; fileRef = 24948A5B16F6667000479DDD /* GDYDatum.m */; };
		24948A6216F6FFF500479DDD /* GDYCoordinateSystem.m in Sources */ = {isa = PBXBuildFile; fileRef = 24948A6116F6FFF400479DDD /* GDYCoordinateSystem.m */; };
		24948A6316F7105E00479DDD /* GDYHelmertDatumTransform.h in CopyFiles */ = {isa = PBXBuildFile; fileRef = 24948A5116F61E6A00479DDD /* GDYHelmertDatumTransform.h */; };
		24948A6416F7105E00479DDD /* GDYEllipsoid.h in CopyFiles */ = {isa = PBXBuildFile; fileRef = 24948A5716F64CE000479DDD /* GDYEllipsoid.h */; };
		24948A6516F7105E00479DDD /* GDYDatum.h in CopyFiles */ = {isa = PBXBuildFile; fileRef = 24948A5A16F6666F00479DDD /* GDYDatum.h */; };
		24948A6616F7105E00479DDD /* GDYCoordinateSystem.h in CopyFiles */ = {isa = PBXBuildFile; fileRef = 24948A6016F6FFF400479DDD /* GDYCoordinateSystem.h */; };
		24B30E881700668B00221FFF /* Geodesy.m in Sources */ = {isa = PBXBuildFile; fileRef = 24B30E871700668B00221FFF /* Geodesy.m */; };
		24B512F1170725F5009822CD /* GDYCoordinateTests.m in Sources */ = {isa = PBXBuildFile; fileRef = 24B512F0170725F5009822CD /* GDYCoordinateTests.m */; };
/* End PBXBuildFile section */

/* Begin PBXCopyFilesBuildPhase section */
		24948A0316F5DAE100479DDD /* CopyFiles */ = {
			isa = PBXCopyFilesBuildPhase;
			buildActionMask = 2147483647;
			dstPath = "include/${PRODUCT_NAME}";
			dstSubfolderSpec = 16;
			files = (
				24948A6316F7105E00479DDD /* GDYHelmertDatumTransform.h in CopyFiles */,
				24948A6416F7105E00479DDD /* GDYEllipsoid.h in CopyFiles */,
				24948A6516F7105E00479DDD /* GDYDatum.h in CopyFiles */,
				24948A6616F7105E00479DDD /* GDYCoordinateSystem.h in CopyFiles */,
				24948A3E16F5DF1C00479DDD /* GDYOSGridReference.h in CopyFiles */,
				24948A4016F5DF1C00479DDD /* GDYCoordinate.h in CopyFiles */,
				24948A0E16F5DAE100479DDD /* Geodesy.h in CopyFiles */,
			);
			runOnlyForDeploymentPostprocessing = 0;
		};
/* End PBXCopyFilesBuildPhase section */

/* Begin PBXFileReference section */
		24948A0516F5DAE100479DDD /* libGeodesy.a */ = {isa = PBXFileReference; explicitFileType = archive.ar; includeInIndex = 0; path = libGeodesy.a; sourceTree = BUILT_PRODUCTS_DIR; };
		24948A0816F5DAE100479DDD /* Foundation.framework */ = {isa = PBXFileReference; lastKnownFileType = wrapper.framework; name = Foundation.framework; path = System/Library/Frameworks/Foundation.framework; sourceTree = SDKROOT; };
		24948A0D16F5DAE100479DDD /* Geodesy.h */ = {isa = PBXFileReference; lastKnownFileType = sourcecode.c.h; path = Geodesy.h; sourceTree = "<group>"; };
		24948A1B16F5DB1E00479DDD /* GeodesyTests.xctest */ = {isa = PBXFileReference; explicitFileType = wrapper.cfbundle; includeInIndex = 0; path = GeodesyTests.xctest; sourceTree = BUILT_PRODUCTS_DIR; };
		24948A1E16F5DB1E00479DDD /* UIKit.framework */ = {isa = PBXFileReference; lastKnownFileType = wrapper.framework; name = UIKit.framework; path = Library/Frameworks/UIKit.framework; sourceTree = DEVELOPER_DIR; };
		24948A2316F5DB1E00479DDD /* GeodesyTests-Info.plist */ = {isa = PBXFileReference; lastKnownFileType = text.plist.xml; path = "GeodesyTests-Info.plist"; sourceTree = "<group>"; };
		24948A2516F5DB1E00479DDD /* en */ = {isa = PBXFileReference; lastKnownFileType = text.plist.strings; name = en; path = en.lproj/InfoPlist.strings; sourceTree = "<group>"; };
		24948A3116F5DC2700479DDD /* GDYOSGridReference.h */ = {isa = PBXFileReference; fileEncoding = 4; lastKnownFileType = sourcecode.c.h; path = GDYOSGridReference.h; sourceTree = "<group>"; };
		24948A3216F5DC2700479DDD /* GDYOSGridReference.m */ = {isa = PBXFileReference; fileEncoding = 4; lastKnownFileType = sourcecode.c.objc; path = GDYOSGridReference.m; sourceTree = "<group>"; };
		24948A3716F5DC7700479DDD /* GDYCoordinate.h */ = {isa = PBXFileReference; fileEncoding = 4; lastKnownFileType = sourcecode.c.h; path = GDYCoordinate.h; sourceTree = "<group>"; };
		24948A3816F5DC7700479DDD /* GDYCoordinate.m */ = {isa = PBXFileReference; fileEncoding = 4; lastKnownFileType = sourcecode.c.objc; path = GDYCoordinate.m; sourceTree = "<group>"; };
		24948A3B16F5DEF100479DDD /* DCTOSGridRefCoordinateTests.m */ = {isa = PBXFileReference; fileEncoding = 4; lastKnownFileType = sourcecode.c.objc; path = DCTOSGridRefCoordinateTests.m; sourceTree = "<group>"; };
		24948A4616F6097700479DDD /* DCTOSGB36ToGridRefTransformerTests.m */ = {isa = PBXFileReference; fileEncoding = 4; lastKnownFileType = sourcecode.c.objc; path = DCTOSGB36ToGridRefTransformerTests.m; sourceTree = "<group>"; };
		24948A4C16F6171B00479DDD /* DCTWGS84ToOSGB36TransformerTests.m */ = {isa = PBXFileReference; fileEncoding = 4; lastKnownFileType = sourcecode.c.objc; path = DCTWGS84ToOSGB36TransformerTests.m; sourceTree = "<group>"; };
		24948A5116F61E6A00479DDD /* GDYHelmertDatumTransform.h */ = {isa = PBXFileReference; fileEncoding = 4; lastKnownFileType = sourcecode.c.h; path = GDYHelmertDatumTransform.h; sourceTree = "<group>"; };
		24948A5216F61E6B00479DDD /* GDYHelmertDatumTransform.m */ = {isa = PBXFileReference; fileEncoding = 4; lastKnownFileType = sourcecode.c.objc; path = GDYHelmertDatumTransform.m; sourceTree = "<group>"; };
		24948A5716F64CE000479DDD /* GDYEllipsoid.h */ = {isa = PBXFileReference; fileEncoding = 4; lastKnownFileType = sourcecode.c.h; path = GDYEllipsoid.h; sourceTree = "<group>"; };
		24948A5816F64CE000479DDD /* GDYEllipsoid.m */ = {isa = PBXFileReference; fileEncoding = 4; lastKnownFileType = sourcecode.c.objc; path = GDYEllipsoid.m; sourceTree = "<group>"; };
		24948A5A16F6666F00479DDD /* GDYDatum.h */ = {isa = PBXFileReference; fileEncoding = 4; lastKnownFileType = sourcecode.c.h; path = GDYDatum.h; sourceTree = "<group>"; };
		24948A5B16F6667000479DDD /* GDYDatum.m */ = {isa = PBXFileReference; fileEncoding = 4; lastKnownFileType = sourcecode.c.objc; path = GDYDatum.m; sourceTree = "<group>"; };
		24948A6016F6FFF400479DDD /* GDYCoordinateSystem.h */ = {isa = PBXFileReference; fileEncoding = 4; lastKnownFileType = sourcecode.c.h; path = GDYCoordinateSystem.h; sourceTree = "<group>"; };
		24948A6116F6FFF400479DDD /* GDYCoordinateSystem.m */ = {isa = PBXFileReference; fileEncoding = 4; lastKnownFileType = sourcecode.c.objc; path = GDYCoordinateSystem.m; sourceTree = "<group>"; };
		24B30E871700668B00221FFF /* Geodesy.m */ = {isa = PBXFileReference; fileEncoding = 4; lastKnownFileType = sourcecode.c.objc; path = Geodesy.m; sourceTree = "<group>"; };
		24B512F0170725F5009822CD /* GDYCoordinateTests.m */ = {isa = PBXFileReference; fileEncoding = 4; lastKnownFileType = sourcecode.c.objc; path = GDYCoordinateTests.m; sourceTree = "<group>"; };
		24B72ED81A1C92F700AFFA45 /* Debug.xcconfig */ = {isa = PBXFileReference; lastKnownFileType = text.xcconfig; path = Debug.xcconfig; sourceTree = "<group>"; };
		24B72ED91A1C92F700AFFA45 /* iOS Application.xcconfig */ = {isa = PBXFileReference; lastKnownFileType = text.xcconfig; path = "iOS Application.xcconfig"; sourceTree = "<group>"; };
		24B72EDA1A1C92F700AFFA45 /* iOS Bundle.xcconfig */ = {isa = PBXFileReference; lastKnownFileType = text.xcconfig; path = "iOS Bundle.xcconfig"; sourceTree = "<group>"; };
		24B72EDB1A1C92F700AFFA45 /* iOS Framework.xcconfig */ = {isa = PBXFileReference; lastKnownFileType = text.xcconfig; path = "iOS Framework.xcconfig"; sourceTree = "<group>"; };
		24B72EDC1A1C92F700AFFA45 /* iOS Static Library.xcconfig */ = {isa = PBXFileReference; lastKnownFileType = text.xcconfig; path = "iOS Static Library.xcconfig"; sourceTree = "<group>"; };
		24B72EDD1A1C92F700AFFA45 /* iOS Tests.xcconfig */ = {isa = PBXFileReference; lastKnownFileType = text.xcconfig; path = "iOS Tests.xcconfig"; sourceTree = "<group>"; };
		24B72EDE1A1C92F700AFFA45 /* OS X Framework.xcconfig */ = {isa = PBXFileReference; lastKnownFileType = text.xcconfig; path = "OS X Framework.xcconfig"; sourceTree = "<group>"; };
		24B72EDF1A1C92F700AFFA45 /* Release.xcconfig */ = {isa = PBXFileReference; lastKnownFileType = text.xcconfig; path = Release.xcconfig; sourceTree = "<group>"; };
		24B72EE01A1C92F700AFFA45 /* Shared.xcconfig */ = {isa = PBXFileReference; lastKnownFileType = text.xcconfig; path = Shared.xcconfig; sourceTree = "<group>"; };
		24B72EE11A1C92F700AFFA45 /* update.sh */ = {isa = PBXFileReference; lastKnownFileType = text.script.sh; path = update.sh; sourceTree = "<group>"; };
/* End PBXFileReference section */

/* Begin PBXFrameworksBuildPhase section */
		24948A0216F5DAE100479DDD /* Frameworks */ = {
			isa = PBXFrameworksBuildPhase;
			buildActionMask = 2147483647;
			files = (
				24948A0916F5DAE100479DDD /* Foundation.framework in Frameworks */,
			);
			runOnlyForDeploymentPostprocessing = 0;
		};
		24948A1716F5DB1E00479DDD /* Frameworks */ = {
			isa = PBXFrameworksBuildPhase;
			buildActionMask = 2147483647;
			files = (
				24948A4116F5E36100479DDD /* libGeodesy.a in Frameworks */,
				24948A1F16F5DB1E00479DDD /* UIKit.framework in Frameworks */,
				24948A2016F5DB1E00479DDD /* Foundation.framework in Frameworks */,
			);
			runOnlyForDeploymentPostprocessing = 0;
		};
/* End PBXFrameworksBuildPhase section */

/* Begin PBXGroup section */
		249489FC16F5DAE100479DDD = {
			isa = PBXGroup;
			children = (
				24948A0A16F5DAE100479DDD /* Geodesy */,
				24948A2116F5DB1E00479DDD /* GeodesyTests */,
				24B72ED71A1C92F700AFFA45 /* Configurations */,
				24948A0716F5DAE100479DDD /* Frameworks */,
				24948A0616F5DAE100479DDD /* Products */,
			);
			sourceTree = "<group>";
		};
		24948A0616F5DAE100479DDD /* Products */ = {
			isa = PBXGroup;
			children = (
				24948A0516F5DAE100479DDD /* libGeodesy.a */,
				24948A1B16F5DB1E00479DDD /* GeodesyTests.xctest */,
			);
			name = Products;
			sourceTree = "<group>";
		};
		24948A0716F5DAE100479DDD /* Frameworks */ = {
			isa = PBXGroup;
			children = (
				24948A0816F5DAE100479DDD /* Foundation.framework */,
				24948A1E16F5DB1E00479DDD /* UIKit.framework */,
			);
			name = Frameworks;
			sourceTree = "<group>";
		};
		24948A0A16F5DAE100479DDD /* Geodesy */ = {
			isa = PBXGroup;
			children = (
				24948A0D16F5DAE100479DDD /* Geodesy.h */,
				24B30E871700668B00221FFF /* Geodesy.m */,
				24948A3116F5DC2700479DDD /* GDYOSGridReference.h */,
				24948A3216F5DC2700479DDD /* GDYOSGridReference.m */,
				24948A3716F5DC7700479DDD /* GDYCoordinate.h */,
				24948A3816F5DC7700479DDD /* GDYCoordinate.m */,
				24948A5116F61E6A00479DDD /* GDYHelmertDatumTransform.h */,
				24948A5216F61E6B00479DDD /* GDYHelmertDatumTransform.m */,
				24948A5716F64CE000479DDD /* GDYEllipsoid.h */,
				24948A5816F64CE000479DDD /* GDYEllipsoid.m */,
				24948A5A16F6666F00479DDD /* GDYDatum.h */,
				24948A5B16F6667000479DDD /* GDYDatum.m */,
				24948A6016F6FFF400479DDD /* GDYCoordinateSystem.h */,
				24948A6116F6FFF400479DDD /* GDYCoordinateSystem.m */,
			);
			path = Geodesy;
			sourceTree = "<group>";
		};
		24948A2116F5DB1E00479DDD /* GeodesyTests */ = {
			isa = PBXGroup;
			children = (
				24948A2316F5DB1E00479DDD /* GeodesyTests-Info.plist */,
				24948A2416F5DB1E00479DDD /* InfoPlist.strings */,
				24948A3B16F5DEF100479DDD /* DCTOSGridRefCoordinateTests.m */,
				24948A4616F6097700479DDD /* DCTOSGB36ToGridRefTransformerTests.m */,
				24948A4C16F6171B00479DDD /* DCTWGS84ToOSGB36TransformerTests.m */,
				24B512F0170725F5009822CD /* GDYCoordinateTests.m */,
			);
			path = GeodesyTests;
			sourceTree = "<group>";
		};
		24B72ED71A1C92F700AFFA45 /* Configurations */ = {
			isa = PBXGroup;
			children = (
				24B72ED81A1C92F700AFFA45 /* Debug.xcconfig */,
				24B72ED91A1C92F700AFFA45 /* iOS Application.xcconfig */,
				24B72EDA1A1C92F700AFFA45 /* iOS Bundle.xcconfig */,
				24B72EDB1A1C92F700AFFA45 /* iOS Framework.xcconfig */,
				24B72EDC1A1C92F700AFFA45 /* iOS Static Library.xcconfig */,
				24B72EDD1A1C92F700AFFA45 /* iOS Tests.xcconfig */,
				24B72EDE1A1C92F700AFFA45 /* OS X Framework.xcconfig */,
				24B72EDF1A1C92F700AFFA45 /* Release.xcconfig */,
				24B72EE01A1C92F700AFFA45 /* Shared.xcconfig */,
				24B72EE11A1C92F700AFFA45 /* update.sh */,
			);
			path = Configurations;
			sourceTree = "<group>";
		};
/* End PBXGroup section */

/* Begin PBXNativeTarget section */
		24948A0416F5DAE100479DDD /* Geodesy */ = {
			isa = PBXNativeTarget;
			buildConfigurationList = 24948A1316F5DAE100479DDD /* Build configuration list for PBXNativeTarget "Geodesy" */;
			buildPhases = (
				24948A0116F5DAE100479DDD /* Sources */,
				24948A0216F5DAE100479DDD /* Frameworks */,
				24948A0316F5DAE100479DDD /* CopyFiles */,
			);
			buildRules = (
			);
			dependencies = (
			);
			name = Geodesy;
			productName = DCTCoordinateTransformers;
			productReference = 24948A0516F5DAE100479DDD /* libGeodesy.a */;
			productType = "com.apple.product-type.library.static";
		};
		24948A1A16F5DB1E00479DDD /* GeodesyTests */ = {
			isa = PBXNativeTarget;
			buildConfigurationList = 24948A2B16F5DB1E00479DDD /* Build configuration list for PBXNativeTarget "GeodesyTests" */;
			buildPhases = (
				24948A1616F5DB1E00479DDD /* Sources */,
				24948A1716F5DB1E00479DDD /* Frameworks */,
				24948A1816F5DB1E00479DDD /* Resources */,
				24948A1916F5DB1E00479DDD /* ShellScript */,
			);
			buildRules = (
			);
			dependencies = (
			);
			name = GeodesyTests;
			productName = DCTCoordinateTransformersTests;
			productReference = 24948A1B16F5DB1E00479DDD /* GeodesyTests.xctest */;
			productType = "com.apple.product-type.bundle.unit-test";
		};
/* End PBXNativeTarget section */

/* Begin PBXProject section */
		249489FD16F5DAE100479DDD /* Project object */ = {
			isa = PBXProject;
			attributes = {
				LastUpgradeCheck = 0460;
				ORGANIZATIONNAME = "Daniel Tull";
			};
			buildConfigurationList = 24948A0016F5DAE100479DDD /* Build configuration list for PBXProject "Geodesy" */;
			compatibilityVersion = "Xcode 3.2";
			developmentRegion = English;
			hasScannedForEncodings = 0;
			knownRegions = (
				en,
			);
			mainGroup = 249489FC16F5DAE100479DDD;
			productRefGroup = 24948A0616F5DAE100479DDD /* Products */;
			projectDirPath = "";
			projectRoot = "";
			targets = (
				24948A0416F5DAE100479DDD /* Geodesy */,
				24948A1A16F5DB1E00479DDD /* GeodesyTests */,
			);
		};
/* End PBXProject section */

/* Begin PBXResourcesBuildPhase section */
		24948A1816F5DB1E00479DDD /* Resources */ = {
			isa = PBXResourcesBuildPhase;
			buildActionMask = 2147483647;
			files = (
				24948A2616F5DB1E00479DDD /* InfoPlist.strings in Resources */,
			);
			runOnlyForDeploymentPostprocessing = 0;
		};
/* End PBXResourcesBuildPhase section */

/* Begin PBXShellScriptBuildPhase section */
		24948A1916F5DB1E00479DDD /* ShellScript */ = {
			isa = PBXShellScriptBuildPhase;
			buildActionMask = 2147483647;
			files = (
			);
			inputPaths = (
			);
			outputPaths = (
			);
			runOnlyForDeploymentPostprocessing = 0;
			shellPath = /bin/sh;
			shellScript = "# Run the unit tests in this test bundle.\n\"${SYSTEM_DEVELOPER_DIR}/Tools/RunUnitTests\"\n";
		};
/* End PBXShellScriptBuildPhase section */

/* Begin PBXSourcesBuildPhase section */
		24948A0116F5DAE100479DDD /* Sources */ = {
			isa = PBXSourcesBuildPhase;
			buildActionMask = 2147483647;
			files = (
				24948A3316F5DC2700479DDD /* GDYOSGridReference.m in Sources */,
				24948A3916F5DC7700479DDD /* GDYCoordinate.m in Sources */,
				24948A5316F61E6B00479DDD /* GDYHelmertDatumTransform.m in Sources */,
				24948A5916F64CE000479DDD /* GDYEllipsoid.m in Sources */,
				24948A5C16F6667000479DDD /* GDYDatum.m in Sources */,
				24948A6216F6FFF500479DDD /* GDYCoordinateSystem.m in Sources */,
				24B30E881700668B00221FFF /* Geodesy.m in Sources */,
			);
			runOnlyForDeploymentPostprocessing = 0;
		};
		24948A1616F5DB1E00479DDD /* Sources */ = {
			isa = PBXSourcesBuildPhase;
			buildActionMask = 2147483647;
			files = (
				24948A3C16F5DEF100479DDD /* DCTOSGridRefCoordinateTests.m in Sources */,
				24948A4716F6097700479DDD /* DCTOSGB36ToGridRefTransformerTests.m in Sources */,
				24948A4D16F6171B00479DDD /* DCTWGS84ToOSGB36TransformerTests.m in Sources */,
				24B512F1170725F5009822CD /* GDYCoordinateTests.m in Sources */,
			);
			runOnlyForDeploymentPostprocessing = 0;
		};
/* End PBXSourcesBuildPhase section */

/* Begin PBXVariantGroup section */
		24948A2416F5DB1E00479DDD /* InfoPlist.strings */ = {
			isa = PBXVariantGroup;
			children = (
				24948A2516F5DB1E00479DDD /* en */,
			);
			name = InfoPlist.strings;
			sourceTree = "<group>";
		};
/* End PBXVariantGroup section */

/* Begin XCBuildConfiguration section */
		24948A1116F5DAE100479DDD /* Debug */ = {
			isa = XCBuildConfiguration;
			baseConfigurationReference = 24B72ED81A1C92F700AFFA45 /* Debug.xcconfig */;
			buildSettings = {
			};
			name = Debug;
		};
		24948A1216F5DAE100479DDD /* Release */ = {
			isa = XCBuildConfiguration;
			baseConfigurationReference = 24B72EDF1A1C92F700AFFA45 /* Release.xcconfig */;
			buildSettings = {
			};
			name = Release;
		};
		24948A1416F5DAE100479DDD /* Debug */ = {
			isa = XCBuildConfiguration;
			baseConfigurationReference = 24B72EDC1A1C92F700AFFA45 /* iOS Static Library.xcconfig */;
			buildSettings = {
				PRODUCT_NAME = Geodesy;
			};
			name = Debug;
		};
		24948A1516F5DAE100479DDD /* Release */ = {
			isa = XCBuildConfiguration;
			baseConfigurationReference = 24B72EDC1A1C92F700AFFA45 /* iOS Static Library.xcconfig */;
			buildSettings = {
				PRODUCT_NAME = Geodesy;
			};
			name = Release;
		};
		24948A2C16F5DB1E00479DDD /* Debug */ = {
			isa = XCBuildConfiguration;
			baseConfigurationReference = 24B72EDD1A1C92F700AFFA45 /* iOS Tests.xcconfig */;
			buildSettings = {
				INFOPLIST_FILE = "GeodesyTests/GeodesyTests-Info.plist";
				PRODUCT_NAME = GeodesyTests;
			};
			name = Debug;
		};
		24948A2D16F5DB1E00479DDD /* Release */ = {
			isa = XCBuildConfiguration;
			baseConfigurationReference = 24B72EDD1A1C92F700AFFA45 /* iOS Tests.xcconfig */;
			buildSettings = {
				INFOPLIST_FILE = "GeodesyTests/GeodesyTests-Info.plist";
				PRODUCT_NAME = GeodesyTests;
			};
			name = Release;
		};
/* End XCBuildConfiguration section */

/* Begin XCConfigurationList section */
		24948A0016F5DAE100479DDD /* Build configuration list for PBXProject "Geodesy" */ = {
			isa = XCConfigurationList;
			buildConfigurations = (
				24948A1116F5DAE100479DDD /* Debug */,
				24948A1216F5DAE100479DDD /* Release */,
			);
			defaultConfigurationIsVisible = 0;
			defaultConfigurationName = Release;
		};
		24948A1316F5DAE100479DDD /* Build configuration list for PBXNativeTarget "Geodesy" */ = {
			isa = XCConfigurationList;
			buildConfigurations = (
				24948A1416F5DAE100479DDD /* Debug */,
				24948A1516F5DAE100479DDD /* Release */,
			);
			defaultConfigurationIsVisible = 0;
			defaultConfigurationName = Release;
		};
		24948A2B16F5DB1E00479DDD /* Build configuration list for PBXNativeTarget "GeodesyTests" */ = {
			isa = XCConfigurationList;
			buildConfigurations = (
				24948A2C16F5DB1E00479DDD /* Debug */,
				24948A2D16F5DB1E00479DDD /* Release */,
			);
			defaultConfigurationIsVisible = 0;
			defaultConfigurationName = Release;
		};
/* End XCConfigurationList section */
	};
	rootObject = 249489FD16F5DAE100479DDD /* Project object */;
}
