// !$*UTF8*$!
{
	archiveVersion = 1;
	classes = {
	};
	objectVersion = 46;
	objects = {

/* Begin PBXBuildFile section */
		24948A0916F5DAE100479DDD /* Foundation.framework in Frameworks */ = {isa = PBXBuildFile; fileRef = 24948A0816F5DAE100479DDD /* Foundation.framework */; };
		24948A0E16F5DAE100479DDD /* DCTCoordinateTransformers.h in CopyFiles */ = {isa = PBXBuildFile; fileRef = 24948A0D16F5DAE100479DDD /* DCTCoordinateTransformers.h */; };
		24948A1016F5DAE100479DDD /* DCTCoordinateTransformers.m in Sources */ = {isa = PBXBuildFile; fileRef = 24948A0F16F5DAE100479DDD /* DCTCoordinateTransformers.m */; };
		24948A1D16F5DB1E00479DDD /* SenTestingKit.framework in Frameworks */ = {isa = PBXBuildFile; fileRef = 24948A1C16F5DB1E00479DDD /* SenTestingKit.framework */; };
		24948A1F16F5DB1E00479DDD /* UIKit.framework in Frameworks */ = {isa = PBXBuildFile; fileRef = 24948A1E16F5DB1E00479DDD /* UIKit.framework */; };
		24948A2016F5DB1E00479DDD /* Foundation.framework in Frameworks */ = {isa = PBXBuildFile; fileRef = 24948A0816F5DAE100479DDD /* Foundation.framework */; };
		24948A2616F5DB1E00479DDD /* InfoPlist.strings in Resources */ = {isa = PBXBuildFile; fileRef = 24948A2416F5DB1E00479DDD /* InfoPlist.strings */; };
		24948A3016F5DC0100479DDD /* DCTOSGB36Coordinate.m in Sources */ = {isa = PBXBuildFile; fileRef = 24948A2F16F5DC0100479DDD /* DCTOSGB36Coordinate.m */; };
		24948A3316F5DC2700479DDD /* DCTOSGridRefCoordinate.m in Sources */ = {isa = PBXBuildFile; fileRef = 24948A3216F5DC2700479DDD /* DCTOSGridRefCoordinate.m */; };
		24948A3616F5DC3E00479DDD /* DCTWGS84Coordinate.m in Sources */ = {isa = PBXBuildFile; fileRef = 24948A3516F5DC3E00479DDD /* DCTWGS84Coordinate.m */; };
		24948A3916F5DC7700479DDD /* DCTCoordinate.m in Sources */ = {isa = PBXBuildFile; fileRef = 24948A3816F5DC7700479DDD /* DCTCoordinate.m */; };
		24948A3C16F5DEF100479DDD /* DCTOSGridRefCoordinateTests.m in Sources */ = {isa = PBXBuildFile; fileRef = 24948A3B16F5DEF100479DDD /* DCTOSGridRefCoordinateTests.m */; };
		24948A3D16F5DF1C00479DDD /* DCTOSGB36Coordinate.h in CopyFiles */ = {isa = PBXBuildFile; fileRef = 24948A2E16F5DC0100479DDD /* DCTOSGB36Coordinate.h */; };
		24948A3E16F5DF1C00479DDD /* DCTOSGridRefCoordinate.h in CopyFiles */ = {isa = PBXBuildFile; fileRef = 24948A3116F5DC2700479DDD /* DCTOSGridRefCoordinate.h */; };
		24948A3F16F5DF1C00479DDD /* DCTWGS84Coordinate.h in CopyFiles */ = {isa = PBXBuildFile; fileRef = 24948A3416F5DC3E00479DDD /* DCTWGS84Coordinate.h */; };
		24948A4016F5DF1C00479DDD /* DCTCoordinate.h in CopyFiles */ = {isa = PBXBuildFile; fileRef = 24948A3716F5DC7700479DDD /* DCTCoordinate.h */; };
		24948A4116F5E36100479DDD /* libDCTCoordinateTransformers.a in Frameworks */ = {isa = PBXBuildFile; fileRef = 24948A0516F5DAE100479DDD /* libDCTCoordinateTransformers.a */; };
		24948A4416F605FD00479DDD /* DCTOSGB36ToGridRefTransformer.m in Sources */ = {isa = PBXBuildFile; fileRef = 24948A4316F605FD00479DDD /* DCTOSGB36ToGridRefTransformer.m */; };
		24948A4716F6097700479DDD /* DCTOSGB36ToGridRefTransformerTests.m in Sources */ = {isa = PBXBuildFile; fileRef = 24948A4616F6097700479DDD /* DCTOSGB36ToGridRefTransformerTests.m */; };
		24948A4A16F6170500479DDD /* DCTWGS84ToOSGB36Transformer.m in Sources */ = {isa = PBXBuildFile; fileRef = 24948A4916F6170500479DDD /* DCTWGS84ToOSGB36Transformer.m */; };
		24948A4D16F6171B00479DDD /* DCTWGS84ToOSGB36TransformerTests.m in Sources */ = {isa = PBXBuildFile; fileRef = 24948A4C16F6171B00479DDD /* DCTWGS84ToOSGB36TransformerTests.m */; };
		24948A5016F61AC200479DDD /* DCTEllipsoidConvertor.m in Sources */ = {isa = PBXBuildFile; fileRef = 24948A4F16F61AC200479DDD /* DCTEllipsoidConvertor.m */; };
		24948A5316F61E6B00479DDD /* GDYDatumTransform.m in Sources */ = {isa = PBXBuildFile; fileRef = 24948A5216F61E6B00479DDD /* GDYDatumTransform.m */; };
		24948A5916F64CE000479DDD /* GDYEllipsoid.m in Sources */ = {isa = PBXBuildFile; fileRef = 24948A5816F64CE000479DDD /* GDYEllipsoid.m */; };
		24948A5C16F6667000479DDD /* GDYDatum.m in Sources */ = {isa = PBXBuildFile; fileRef = 24948A5B16F6667000479DDD /* GDYDatum.m */; };
/* End PBXBuildFile section */

/* Begin PBXCopyFilesBuildPhase section */
		24948A0316F5DAE100479DDD /* CopyFiles */ = {
			isa = PBXCopyFilesBuildPhase;
			buildActionMask = 2147483647;
			dstPath = "include/${PRODUCT_NAME}";
			dstSubfolderSpec = 16;
			files = (
				24948A3D16F5DF1C00479DDD /* DCTOSGB36Coordinate.h in CopyFiles */,
				24948A3E16F5DF1C00479DDD /* DCTOSGridRefCoordinate.h in CopyFiles */,
				24948A3F16F5DF1C00479DDD /* DCTWGS84Coordinate.h in CopyFiles */,
				24948A4016F5DF1C00479DDD /* DCTCoordinate.h in CopyFiles */,
				24948A0E16F5DAE100479DDD /* DCTCoordinateTransformers.h in CopyFiles */,
			);
			runOnlyForDeploymentPostprocessing = 0;
		};
/* End PBXCopyFilesBuildPhase section */

/* Begin PBXFileReference section */
		24948A0516F5DAE100479DDD /* libDCTCoordinateTransformers.a */ = {isa = PBXFileReference; explicitFileType = archive.ar; includeInIndex = 0; path = libDCTCoordinateTransformers.a; sourceTree = BUILT_PRODUCTS_DIR; };
		24948A0816F5DAE100479DDD /* Foundation.framework */ = {isa = PBXFileReference; lastKnownFileType = wrapper.framework; name = Foundation.framework; path = System/Library/Frameworks/Foundation.framework; sourceTree = SDKROOT; };
		24948A0D16F5DAE100479DDD /* DCTCoordinateTransformers.h */ = {isa = PBXFileReference; lastKnownFileType = sourcecode.c.h; path = DCTCoordinateTransformers.h; sourceTree = "<group>"; };
		24948A0F16F5DAE100479DDD /* DCTCoordinateTransformers.m */ = {isa = PBXFileReference; lastKnownFileType = sourcecode.c.objc; path = DCTCoordinateTransformers.m; sourceTree = "<group>"; };
		24948A1B16F5DB1E00479DDD /* DCTCoordinateTransformersTests.octest */ = {isa = PBXFileReference; explicitFileType = wrapper.cfbundle; includeInIndex = 0; path = DCTCoordinateTransformersTests.octest; sourceTree = BUILT_PRODUCTS_DIR; };
		24948A1C16F5DB1E00479DDD /* SenTestingKit.framework */ = {isa = PBXFileReference; lastKnownFileType = wrapper.framework; name = SenTestingKit.framework; path = Library/Frameworks/SenTestingKit.framework; sourceTree = DEVELOPER_DIR; };
		24948A1E16F5DB1E00479DDD /* UIKit.framework */ = {isa = PBXFileReference; lastKnownFileType = wrapper.framework; name = UIKit.framework; path = Library/Frameworks/UIKit.framework; sourceTree = DEVELOPER_DIR; };
		24948A2316F5DB1E00479DDD /* DCTCoordinateTransformersTests-Info.plist */ = {isa = PBXFileReference; lastKnownFileType = text.plist.xml; path = "DCTCoordinateTransformersTests-Info.plist"; sourceTree = "<group>"; };
		24948A2516F5DB1E00479DDD /* en */ = {isa = PBXFileReference; lastKnownFileType = text.plist.strings; name = en; path = en.lproj/InfoPlist.strings; sourceTree = "<group>"; };
		24948A2E16F5DC0100479DDD /* DCTOSGB36Coordinate.h */ = {isa = PBXFileReference; fileEncoding = 4; lastKnownFileType = sourcecode.c.h; path = DCTOSGB36Coordinate.h; sourceTree = "<group>"; };
		24948A2F16F5DC0100479DDD /* DCTOSGB36Coordinate.m */ = {isa = PBXFileReference; fileEncoding = 4; lastKnownFileType = sourcecode.c.objc; path = DCTOSGB36Coordinate.m; sourceTree = "<group>"; };
		24948A3116F5DC2700479DDD /* DCTOSGridRefCoordinate.h */ = {isa = PBXFileReference; fileEncoding = 4; lastKnownFileType = sourcecode.c.h; path = DCTOSGridRefCoordinate.h; sourceTree = "<group>"; };
		24948A3216F5DC2700479DDD /* DCTOSGridRefCoordinate.m */ = {isa = PBXFileReference; fileEncoding = 4; lastKnownFileType = sourcecode.c.objc; path = DCTOSGridRefCoordinate.m; sourceTree = "<group>"; };
		24948A3416F5DC3E00479DDD /* DCTWGS84Coordinate.h */ = {isa = PBXFileReference; fileEncoding = 4; lastKnownFileType = sourcecode.c.h; path = DCTWGS84Coordinate.h; sourceTree = "<group>"; };
		24948A3516F5DC3E00479DDD /* DCTWGS84Coordinate.m */ = {isa = PBXFileReference; fileEncoding = 4; lastKnownFileType = sourcecode.c.objc; path = DCTWGS84Coordinate.m; sourceTree = "<group>"; };
		24948A3716F5DC7700479DDD /* DCTCoordinate.h */ = {isa = PBXFileReference; fileEncoding = 4; lastKnownFileType = sourcecode.c.h; path = DCTCoordinate.h; sourceTree = "<group>"; };
		24948A3816F5DC7700479DDD /* DCTCoordinate.m */ = {isa = PBXFileReference; fileEncoding = 4; lastKnownFileType = sourcecode.c.objc; path = DCTCoordinate.m; sourceTree = "<group>"; };
		24948A3A16F5DEF100479DDD /* DCTOSGridRefCoordinateTests.h */ = {isa = PBXFileReference; fileEncoding = 4; lastKnownFileType = sourcecode.c.h; path = DCTOSGridRefCoordinateTests.h; sourceTree = "<group>"; };
		24948A3B16F5DEF100479DDD /* DCTOSGridRefCoordinateTests.m */ = {isa = PBXFileReference; fileEncoding = 4; lastKnownFileType = sourcecode.c.objc; path = DCTOSGridRefCoordinateTests.m; sourceTree = "<group>"; };
		24948A4216F605FD00479DDD /* DCTOSGB36ToGridRefTransformer.h */ = {isa = PBXFileReference; fileEncoding = 4; lastKnownFileType = sourcecode.c.h; path = DCTOSGB36ToGridRefTransformer.h; sourceTree = "<group>"; };
		24948A4316F605FD00479DDD /* DCTOSGB36ToGridRefTransformer.m */ = {isa = PBXFileReference; fileEncoding = 4; lastKnownFileType = sourcecode.c.objc; path = DCTOSGB36ToGridRefTransformer.m; sourceTree = "<group>"; };
		24948A4516F6097700479DDD /* DCTOSGB36ToGridRefTransformerTests.h */ = {isa = PBXFileReference; fileEncoding = 4; lastKnownFileType = sourcecode.c.h; path = DCTOSGB36ToGridRefTransformerTests.h; sourceTree = "<group>"; };
		24948A4616F6097700479DDD /* DCTOSGB36ToGridRefTransformerTests.m */ = {isa = PBXFileReference; fileEncoding = 4; lastKnownFileType = sourcecode.c.objc; path = DCTOSGB36ToGridRefTransformerTests.m; sourceTree = "<group>"; };
		24948A4816F6170500479DDD /* DCTWGS84ToOSGB36Transformer.h */ = {isa = PBXFileReference; fileEncoding = 4; lastKnownFileType = sourcecode.c.h; path = DCTWGS84ToOSGB36Transformer.h; sourceTree = "<group>"; };
		24948A4916F6170500479DDD /* DCTWGS84ToOSGB36Transformer.m */ = {isa = PBXFileReference; fileEncoding = 4; lastKnownFileType = sourcecode.c.objc; path = DCTWGS84ToOSGB36Transformer.m; sourceTree = "<group>"; };
		24948A4B16F6171B00479DDD /* DCTWGS84ToOSGB36TransformerTests.h */ = {isa = PBXFileReference; fileEncoding = 4; lastKnownFileType = sourcecode.c.h; path = DCTWGS84ToOSGB36TransformerTests.h; sourceTree = "<group>"; };
		24948A4C16F6171B00479DDD /* DCTWGS84ToOSGB36TransformerTests.m */ = {isa = PBXFileReference; fileEncoding = 4; lastKnownFileType = sourcecode.c.objc; path = DCTWGS84ToOSGB36TransformerTests.m; sourceTree = "<group>"; };
		24948A4E16F61AC200479DDD /* DCTEllipsoidConvertor.h */ = {isa = PBXFileReference; fileEncoding = 4; lastKnownFileType = sourcecode.c.h; path = DCTEllipsoidConvertor.h; sourceTree = "<group>"; };
		24948A4F16F61AC200479DDD /* DCTEllipsoidConvertor.m */ = {isa = PBXFileReference; fileEncoding = 4; lastKnownFileType = sourcecode.c.objc; path = DCTEllipsoidConvertor.m; sourceTree = "<group>"; };
		24948A5116F61E6A00479DDD /* GDYDatumTransform.h */ = {isa = PBXFileReference; fileEncoding = 4; lastKnownFileType = sourcecode.c.h; path = GDYDatumTransform.h; sourceTree = "<group>"; };
		24948A5216F61E6B00479DDD /* GDYDatumTransform.m */ = {isa = PBXFileReference; fileEncoding = 4; lastKnownFileType = sourcecode.c.objc; path = GDYDatumTransform.m; sourceTree = "<group>"; };
		24948A5716F64CE000479DDD /* GDYEllipsoid.h */ = {isa = PBXFileReference; fileEncoding = 4; lastKnownFileType = sourcecode.c.h; path = GDYEllipsoid.h; sourceTree = "<group>"; };
		24948A5816F64CE000479DDD /* GDYEllipsoid.m */ = {isa = PBXFileReference; fileEncoding = 4; lastKnownFileType = sourcecode.c.objc; path = GDYEllipsoid.m; sourceTree = "<group>"; };
		24948A5A16F6666F00479DDD /* GDYDatum.h */ = {isa = PBXFileReference; fileEncoding = 4; lastKnownFileType = sourcecode.c.h; path = GDYDatum.h; sourceTree = "<group>"; };
		24948A5B16F6667000479DDD /* GDYDatum.m */ = {isa = PBXFileReference; fileEncoding = 4; lastKnownFileType = sourcecode.c.objc; path = GDYDatum.m; sourceTree = "<group>"; };
/* End PBXFileReference section */

/* Begin PBXFrameworksBuildPhase section */
		24948A0216F5DAE100479DDD /* Frameworks */ = {
			isa = PBXFrameworksBuildPhase;
			buildActionMask = 2147483647;
			files = (
				24948A0916F5DAE100479DDD /* Foundation.framework in Frameworks */,
			);
			runOnlyForDeploymentPostprocessing = 0;
		};
		24948A1716F5DB1E00479DDD /* Frameworks */ = {
			isa = PBXFrameworksBuildPhase;
			buildActionMask = 2147483647;
			files = (
				24948A4116F5E36100479DDD /* libDCTCoordinateTransformers.a in Frameworks */,
				24948A1D16F5DB1E00479DDD /* SenTestingKit.framework in Frameworks */,
				24948A1F16F5DB1E00479DDD /* UIKit.framework in Frameworks */,
				24948A2016F5DB1E00479DDD /* Foundation.framework in Frameworks */,
			);
			runOnlyForDeploymentPostprocessing = 0;
		};
/* End PBXFrameworksBuildPhase section */

/* Begin PBXGroup section */
		249489FC16F5DAE100479DDD = {
			isa = PBXGroup;
			children = (
				24948A0A16F5DAE100479DDD /* DCTCoordinateTransformers */,
				24948A2116F5DB1E00479DDD /* DCTCoordinateTransformersTests */,
				24948A0716F5DAE100479DDD /* Frameworks */,
				24948A0616F5DAE100479DDD /* Products */,
			);
			sourceTree = "<group>";
		};
		24948A0616F5DAE100479DDD /* Products */ = {
			isa = PBXGroup;
			children = (
				24948A0516F5DAE100479DDD /* libDCTCoordinateTransformers.a */,
				24948A1B16F5DB1E00479DDD /* DCTCoordinateTransformersTests.octest */,
			);
			name = Products;
			sourceTree = "<group>";
		};
		24948A0716F5DAE100479DDD /* Frameworks */ = {
			isa = PBXGroup;
			children = (
				24948A0816F5DAE100479DDD /* Foundation.framework */,
				24948A1C16F5DB1E00479DDD /* SenTestingKit.framework */,
				24948A1E16F5DB1E00479DDD /* UIKit.framework */,
			);
			name = Frameworks;
			sourceTree = "<group>";
		};
		24948A0A16F5DAE100479DDD /* DCTCoordinateTransformers */ = {
			isa = PBXGroup;
			children = (
				24948A0D16F5DAE100479DDD /* DCTCoordinateTransformers.h */,
				24948A0F16F5DAE100479DDD /* DCTCoordinateTransformers.m */,
				24948A2E16F5DC0100479DDD /* DCTOSGB36Coordinate.h */,
				24948A2F16F5DC0100479DDD /* DCTOSGB36Coordinate.m */,
				24948A3116F5DC2700479DDD /* DCTOSGridRefCoordinate.h */,
				24948A3216F5DC2700479DDD /* DCTOSGridRefCoordinate.m */,
				24948A3416F5DC3E00479DDD /* DCTWGS84Coordinate.h */,
				24948A3516F5DC3E00479DDD /* DCTWGS84Coordinate.m */,
				24948A3716F5DC7700479DDD /* DCTCoordinate.h */,
				24948A3816F5DC7700479DDD /* DCTCoordinate.m */,
				24948A4216F605FD00479DDD /* DCTOSGB36ToGridRefTransformer.h */,
				24948A4316F605FD00479DDD /* DCTOSGB36ToGridRefTransformer.m */,
				24948A4816F6170500479DDD /* DCTWGS84ToOSGB36Transformer.h */,
				24948A4916F6170500479DDD /* DCTWGS84ToOSGB36Transformer.m */,
				24948A4E16F61AC200479DDD /* DCTEllipsoidConvertor.h */,
				24948A4F16F61AC200479DDD /* DCTEllipsoidConvertor.m */,
				24948A5116F61E6A00479DDD /* GDYDatumTransform.h */,
				24948A5216F61E6B00479DDD /* GDYDatumTransform.m */,
				24948A5716F64CE000479DDD /* GDYEllipsoid.h */,
				24948A5816F64CE000479DDD /* GDYEllipsoid.m */,
				24948A5A16F6666F00479DDD /* GDYDatum.h */,
				24948A5B16F6667000479DDD /* GDYDatum.m */,
			);
			path = DCTCoordinateTransformers;
			sourceTree = "<group>";
		};
		24948A2116F5DB1E00479DDD /* DCTCoordinateTransformersTests */ = {
			isa = PBXGroup;
			children = (
				24948A2316F5DB1E00479DDD /* DCTCoordinateTransformersTests-Info.plist */,
				24948A2416F5DB1E00479DDD /* InfoPlist.strings */,
				24948A3A16F5DEF100479DDD /* DCTOSGridRefCoordinateTests.h */,
				24948A3B16F5DEF100479DDD /* DCTOSGridRefCoordinateTests.m */,
				24948A4516F6097700479DDD /* DCTOSGB36ToGridRefTransformerTests.h */,
				24948A4616F6097700479DDD /* DCTOSGB36ToGridRefTransformerTests.m */,
				24948A4B16F6171B00479DDD /* DCTWGS84ToOSGB36TransformerTests.h */,
				24948A4C16F6171B00479DDD /* DCTWGS84ToOSGB36TransformerTests.m */,
			);
			path = DCTCoordinateTransformersTests;
			sourceTree = "<group>";
		};
/* End PBXGroup section */

/* Begin PBXNativeTarget section */
		24948A0416F5DAE100479DDD /* DCTCoordinateTransformers */ = {
			isa = PBXNativeTarget;
			buildConfigurationList = 24948A1316F5DAE100479DDD /* Build configuration list for PBXNativeTarget "DCTCoordinateTransformers" */;
			buildPhases = (
				24948A0116F5DAE100479DDD /* Sources */,
				24948A0216F5DAE100479DDD /* Frameworks */,
				24948A0316F5DAE100479DDD /* CopyFiles */,
			);
			buildRules = (
			);
			dependencies = (
			);
			name = DCTCoordinateTransformers;
			productName = DCTCoordinateTransformers;
			productReference = 24948A0516F5DAE100479DDD /* libDCTCoordinateTransformers.a */;
			productType = "com.apple.product-type.library.static";
		};
		24948A1A16F5DB1E00479DDD /* DCTCoordinateTransformersTests */ = {
			isa = PBXNativeTarget;
			buildConfigurationList = 24948A2B16F5DB1E00479DDD /* Build configuration list for PBXNativeTarget "DCTCoordinateTransformersTests" */;
			buildPhases = (
				24948A1616F5DB1E00479DDD /* Sources */,
				24948A1716F5DB1E00479DDD /* Frameworks */,
				24948A1816F5DB1E00479DDD /* Resources */,
				24948A1916F5DB1E00479DDD /* ShellScript */,
			);
			buildRules = (
			);
			dependencies = (
			);
			name = DCTCoordinateTransformersTests;
			productName = DCTCoordinateTransformersTests;
			productReference = 24948A1B16F5DB1E00479DDD /* DCTCoordinateTransformersTests.octest */;
			productType = "com.apple.product-type.bundle";
		};
/* End PBXNativeTarget section */

/* Begin PBXProject section */
		249489FD16F5DAE100479DDD /* Project object */ = {
			isa = PBXProject;
			attributes = {
				LastUpgradeCheck = 0460;
				ORGANIZATIONNAME = "Daniel Tull";
			};
			buildConfigurationList = 24948A0016F5DAE100479DDD /* Build configuration list for PBXProject "DCTCoordinateTransformers" */;
			compatibilityVersion = "Xcode 3.2";
			developmentRegion = English;
			hasScannedForEncodings = 0;
			knownRegions = (
				en,
			);
			mainGroup = 249489FC16F5DAE100479DDD;
			productRefGroup = 24948A0616F5DAE100479DDD /* Products */;
			projectDirPath = "";
			projectRoot = "";
			targets = (
				24948A0416F5DAE100479DDD /* DCTCoordinateTransformers */,
				24948A1A16F5DB1E00479DDD /* DCTCoordinateTransformersTests */,
			);
		};
/* End PBXProject section */

/* Begin PBXResourcesBuildPhase section */
		24948A1816F5DB1E00479DDD /* Resources */ = {
			isa = PBXResourcesBuildPhase;
			buildActionMask = 2147483647;
			files = (
				24948A2616F5DB1E00479DDD /* InfoPlist.strings in Resources */,
			);
			runOnlyForDeploymentPostprocessing = 0;
		};
/* End PBXResourcesBuildPhase section */

/* Begin PBXShellScriptBuildPhase section */
		24948A1916F5DB1E00479DDD /* ShellScript */ = {
			isa = PBXShellScriptBuildPhase;
			buildActionMask = 2147483647;
			files = (
			);
			inputPaths = (
			);
			outputPaths = (
			);
			runOnlyForDeploymentPostprocessing = 0;
			shellPath = /bin/sh;
			shellScript = "# Run the unit tests in this test bundle.\n\"${SYSTEM_DEVELOPER_DIR}/Tools/RunUnitTests\"\n";
		};
/* End PBXShellScriptBuildPhase section */

/* Begin PBXSourcesBuildPhase section */
		24948A0116F5DAE100479DDD /* Sources */ = {
			isa = PBXSourcesBuildPhase;
			buildActionMask = 2147483647;
			files = (
				24948A1016F5DAE100479DDD /* DCTCoordinateTransformers.m in Sources */,
				24948A3016F5DC0100479DDD /* DCTOSGB36Coordinate.m in Sources */,
				24948A3316F5DC2700479DDD /* DCTOSGridRefCoordinate.m in Sources */,
				24948A3616F5DC3E00479DDD /* DCTWGS84Coordinate.m in Sources */,
				24948A3916F5DC7700479DDD /* DCTCoordinate.m in Sources */,
				24948A4416F605FD00479DDD /* DCTOSGB36ToGridRefTransformer.m in Sources */,
				24948A4A16F6170500479DDD /* DCTWGS84ToOSGB36Transformer.m in Sources */,
				24948A5016F61AC200479DDD /* DCTEllipsoidConvertor.m in Sources */,
				24948A5316F61E6B00479DDD /* GDYDatumTransform.m in Sources */,
				24948A5916F64CE000479DDD /* GDYEllipsoid.m in Sources */,
				24948A5C16F6667000479DDD /* GDYDatum.m in Sources */,
			);
			runOnlyForDeploymentPostprocessing = 0;
		};
		24948A1616F5DB1E00479DDD /* Sources */ = {
			isa = PBXSourcesBuildPhase;
			buildActionMask = 2147483647;
			files = (
				24948A3C16F5DEF100479DDD /* DCTOSGridRefCoordinateTests.m in Sources */,
				24948A4716F6097700479DDD /* DCTOSGB36ToGridRefTransformerTests.m in Sources */,
				24948A4D16F6171B00479DDD /* DCTWGS84ToOSGB36TransformerTests.m in Sources */,
			);
			runOnlyForDeploymentPostprocessing = 0;
		};
/* End PBXSourcesBuildPhase section */

/* Begin PBXVariantGroup section */
		24948A2416F5DB1E00479DDD /* InfoPlist.strings */ = {
			isa = PBXVariantGroup;
			children = (
				24948A2516F5DB1E00479DDD /* en */,
			);
			name = InfoPlist.strings;
			sourceTree = "<group>";
		};
/* End PBXVariantGroup section */

/* Begin XCBuildConfiguration section */
		24948A1116F5DAE100479DDD /* Debug */ = {
			isa = XCBuildConfiguration;
			buildSettings = {
				ALWAYS_SEARCH_USER_PATHS = NO;
				CLANG_CXX_LANGUAGE_STANDARD = "gnu++0x";
				CLANG_CXX_LIBRARY = "libc++";
				CLANG_ENABLE_OBJC_ARC = YES;
				CLANG_WARN_CONSTANT_CONVERSION = YES;
				CLANG_WARN_EMPTY_BODY = YES;
				CLANG_WARN_ENUM_CONVERSION = YES;
				CLANG_WARN_INT_CONVERSION = YES;
				CLANG_WARN__DUPLICATE_METHOD_MATCH = YES;
				COPY_PHASE_STRIP = NO;
				GCC_C_LANGUAGE_STANDARD = gnu99;
				GCC_DYNAMIC_NO_PIC = NO;
				GCC_OPTIMIZATION_LEVEL = 0;
				GCC_PREPROCESSOR_DEFINITIONS = (
					"DEBUG=1",
					"$(inherited)",
				);
				GCC_SYMBOLS_PRIVATE_EXTERN = NO;
				GCC_WARN_ABOUT_RETURN_TYPE = YES;
				GCC_WARN_UNINITIALIZED_AUTOS = YES;
				GCC_WARN_UNUSED_VARIABLE = YES;
				IPHONEOS_DEPLOYMENT_TARGET = 6.1;
				ONLY_ACTIVE_ARCH = YES;
				SDKROOT = iphoneos;
			};
			name = Debug;
		};
		24948A1216F5DAE100479DDD /* Release */ = {
			isa = XCBuildConfiguration;
			buildSettings = {
				ALWAYS_SEARCH_USER_PATHS = NO;
				CLANG_CXX_LANGUAGE_STANDARD = "gnu++0x";
				CLANG_CXX_LIBRARY = "libc++";
				CLANG_ENABLE_OBJC_ARC = YES;
				CLANG_WARN_CONSTANT_CONVERSION = YES;
				CLANG_WARN_EMPTY_BODY = YES;
				CLANG_WARN_ENUM_CONVERSION = YES;
				CLANG_WARN_INT_CONVERSION = YES;
				CLANG_WARN__DUPLICATE_METHOD_MATCH = YES;
				COPY_PHASE_STRIP = YES;
				GCC_C_LANGUAGE_STANDARD = gnu99;
				GCC_WARN_ABOUT_RETURN_TYPE = YES;
				GCC_WARN_UNINITIALIZED_AUTOS = YES;
				GCC_WARN_UNUSED_VARIABLE = YES;
				IPHONEOS_DEPLOYMENT_TARGET = 6.1;
				SDKROOT = iphoneos;
				VALIDATE_PRODUCT = YES;
			};
			name = Release;
		};
		24948A1416F5DAE100479DDD /* Debug */ = {
			isa = XCBuildConfiguration;
			buildSettings = {
				DSTROOT = /tmp/DCTCoordinateTransformers.dst;
				GCC_PRECOMPILE_PREFIX_HEADER = YES;
				OTHER_LDFLAGS = "-ObjC";
				PRODUCT_NAME = "$(TARGET_NAME)";
				SKIP_INSTALL = YES;
			};
			name = Debug;
		};
		24948A1516F5DAE100479DDD /* Release */ = {
			isa = XCBuildConfiguration;
			buildSettings = {
				DSTROOT = /tmp/DCTCoordinateTransformers.dst;
				GCC_PRECOMPILE_PREFIX_HEADER = YES;
				OTHER_LDFLAGS = "-ObjC";
				PRODUCT_NAME = "$(TARGET_NAME)";
				SKIP_INSTALL = YES;
			};
			name = Release;
		};
		24948A2C16F5DB1E00479DDD /* Debug */ = {
			isa = XCBuildConfiguration;
			buildSettings = {
				FRAMEWORK_SEARCH_PATHS = (
					"\"$(SDKROOT)/Developer/Library/Frameworks\"",
					"\"$(DEVELOPER_LIBRARY_DIR)/Frameworks\"",
				);
				GCC_PRECOMPILE_PREFIX_HEADER = YES;
				INFOPLIST_FILE = "DCTCoordinateTransformersTests/DCTCoordinateTransformersTests-Info.plist";
				PRODUCT_NAME = "$(TARGET_NAME)";
				WRAPPER_EXTENSION = octest;
			};
			name = Debug;
		};
		24948A2D16F5DB1E00479DDD /* Release */ = {
			isa = XCBuildConfiguration;
			buildSettings = {
				FRAMEWORK_SEARCH_PATHS = (
					"\"$(SDKROOT)/Developer/Library/Frameworks\"",
					"\"$(DEVELOPER_LIBRARY_DIR)/Frameworks\"",
				);
				GCC_PRECOMPILE_PREFIX_HEADER = YES;
				INFOPLIST_FILE = "DCTCoordinateTransformersTests/DCTCoordinateTransformersTests-Info.plist";
				PRODUCT_NAME = "$(TARGET_NAME)";
				WRAPPER_EXTENSION = octest;
			};
			name = Release;
		};
/* End XCBuildConfiguration section */

/* Begin XCConfigurationList section */
		24948A0016F5DAE100479DDD /* Build configuration list for PBXProject "DCTCoordinateTransformers" */ = {
			isa = XCConfigurationList;
			buildConfigurations = (
				24948A1116F5DAE100479DDD /* Debug */,
				24948A1216F5DAE100479DDD /* Release */,
			);
			defaultConfigurationIsVisible = 0;
			defaultConfigurationName = Release;
		};
		24948A1316F5DAE100479DDD /* Build configuration list for PBXNativeTarget "DCTCoordinateTransformers" */ = {
			isa = XCConfigurationList;
			buildConfigurations = (
				24948A1416F5DAE100479DDD /* Debug */,
				24948A1516F5DAE100479DDD /* Release */,
			);
			defaultConfigurationIsVisible = 0;
		};
		24948A2B16F5DB1E00479DDD /* Build configuration list for PBXNativeTarget "DCTCoordinateTransformersTests" */ = {
			isa = XCConfigurationList;
			buildConfigurations = (
				24948A2C16F5DB1E00479DDD /* Debug */,
				24948A2D16F5DB1E00479DDD /* Release */,
			);
			defaultConfigurationIsVisible = 0;
		};
/* End XCConfigurationList section */
	};
	rootObject = 249489FD16F5DAE100479DDD /* Project object */;
}
